// !$*UTF8*$!
{
	archiveVersion = 1;
	classes = {
	};
	objectVersion = 46;
	objects = {

/* Begin PBXBuildFile section */
		396931DF1CC6A3880061808D /* CommentFbButton.swift in Sources */ = {isa = PBXBuildFile; fileRef = 396931DE1CC6A3880061808D /* CommentFbButton.swift */; };
		396931E11CC6A3990061808D /* CommentTweetButton.swift in Sources */ = {isa = PBXBuildFile; fileRef = 396931E01CC6A3990061808D /* CommentTweetButton.swift */; };
		396931E41CC6A4940061808D /* CommentTitleLabel.swift in Sources */ = {isa = PBXBuildFile; fileRef = 396931E31CC6A4940061808D /* CommentTitleLabel.swift */; };
		39D85E931CC65891002F017D /* AppDelegate.swift in Sources */ = {isa = PBXBuildFile; fileRef = 39D85E921CC65891002F017D /* AppDelegate.swift */; };
		39D85E981CC65891002F017D /* Main.storyboard in Resources */ = {isa = PBXBuildFile; fileRef = 39D85E961CC65891002F017D /* Main.storyboard */; };
		39D85E9A1CC65891002F017D /* Assets.xcassets in Resources */ = {isa = PBXBuildFile; fileRef = 39D85E991CC65891002F017D /* Assets.xcassets */; };
		39D85E9D1CC65891002F017D /* LaunchScreen.storyboard in Resources */ = {isa = PBXBuildFile; fileRef = 39D85E9B1CC65891002F017D /* LaunchScreen.storyboard */; };
		39D85EA81CC65891002F017D /* TheJournalistTests.swift in Sources */ = {isa = PBXBuildFile; fileRef = 39D85EA71CC65891002F017D /* TheJournalistTests.swift */; };
		39D85EB31CC65891002F017D /* TheJournalistUITests.swift in Sources */ = {isa = PBXBuildFile; fileRef = 39D85EB21CC65891002F017D /* TheJournalistUITests.swift */; };
		39D85EC31CC660F1002F017D /* HomeViewController.swift in Sources */ = {isa = PBXBuildFile; fileRef = 39D85EC21CC660F1002F017D /* HomeViewController.swift */; };
		39D85EC51CC660FB002F017D /* ProfileViewController.swift in Sources */ = {isa = PBXBuildFile; fileRef = 39D85EC41CC660FB002F017D /* ProfileViewController.swift */; };
		39D85EC71CC6610B002F017D /* CommentViewController.swift in Sources */ = {isa = PBXBuildFile; fileRef = 39D85EC61CC6610B002F017D /* CommentViewController.swift */; };
		39D85ECB1CC6618B002F017D /* HomeCell.swift in Sources */ = {isa = PBXBuildFile; fileRef = 39D85EC91CC6618B002F017D /* HomeCell.swift */; };
		39D85ECC1CC6618B002F017D /* HomeCell.xib in Resources */ = {isa = PBXBuildFile; fileRef = 39D85ECA1CC6618B002F017D /* HomeCell.xib */; };
		39D85ECE1CC661B7002F017D /* HomeTopicTitleLabel.swift in Sources */ = {isa = PBXBuildFile; fileRef = 39D85ECD1CC661B7002F017D /* HomeTopicTitleLabel.swift */; };
		39D85ED31CC662AE002F017D /* Colors.swift in Sources */ = {isa = PBXBuildFile; fileRef = 39D85ED21CC662AE002F017D /* Colors.swift */; };
		39D85EE11CC676D9002F017D /* AxisStd-Regular.otf in Resources */ = {isa = PBXBuildFile; fileRef = 39D85EE01CC676D9002F017D /* AxisStd-Regular.otf */; };
		39D85EE21CC676D9002F017D /* AxisStd-Regular.otf in Resources */ = {isa = PBXBuildFile; fileRef = 39D85EE01CC676D9002F017D /* AxisStd-Regular.otf */; };
		39D85EE31CC676D9002F017D /* AxisStd-Regular.otf in Resources */ = {isa = PBXBuildFile; fileRef = 39D85EE01CC676D9002F017D /* AxisStd-Regular.otf */; };
		39D85EE51CC67E86002F017D /* NavigationViewController.swift in Sources */ = {isa = PBXBuildFile; fileRef = 39D85EE41CC67E86002F017D /* NavigationViewController.swift */; };
		39D85EE61CC67E86002F017D /* NavigationViewController.swift in Sources */ = {isa = PBXBuildFile; fileRef = 39D85EE41CC67E86002F017D /* NavigationViewController.swift */; };
		39D85EE71CC67E86002F017D /* NavigationViewController.swift in Sources */ = {isa = PBXBuildFile; fileRef = 39D85EE41CC67E86002F017D /* NavigationViewController.swift */; };
		39D85EEA1CC68F1B002F017D /* CommentCell.swift in Sources */ = {isa = PBXBuildFile; fileRef = 39D85EE81CC68F1B002F017D /* CommentCell.swift */; };
		39D85EEB1CC68F1B002F017D /* CommentCell.swift in Sources */ = {isa = PBXBuildFile; fileRef = 39D85EE81CC68F1B002F017D /* CommentCell.swift */; };
		39D85EEC1CC68F1B002F017D /* CommentCell.swift in Sources */ = {isa = PBXBuildFile; fileRef = 39D85EE81CC68F1B002F017D /* CommentCell.swift */; };
		39D85EED1CC68F1B002F017D /* CommentCell.xib in Resources */ = {isa = PBXBuildFile; fileRef = 39D85EE91CC68F1B002F017D /* CommentCell.xib */; };
		39D85EEE1CC68F1B002F017D /* CommentCell.xib in Resources */ = {isa = PBXBuildFile; fileRef = 39D85EE91CC68F1B002F017D /* CommentCell.xib */; };
		39D85EEF1CC68F1B002F017D /* CommentCell.xib in Resources */ = {isa = PBXBuildFile; fileRef = 39D85EE91CC68F1B002F017D /* CommentCell.xib */; };
		39D85EF31CC69AA0002F017D /* ProfileImageView.swift in Sources */ = {isa = PBXBuildFile; fileRef = 39D85EF21CC69AA0002F017D /* ProfileImageView.swift */; };
		39D85EF41CC69AA0002F017D /* ProfileImageView.swift in Sources */ = {isa = PBXBuildFile; fileRef = 39D85EF21CC69AA0002F017D /* ProfileImageView.swift */; };
		39D85EF51CC69AA0002F017D /* ProfileImageView.swift in Sources */ = {isa = PBXBuildFile; fileRef = 39D85EF21CC69AA0002F017D /* ProfileImageView.swift */; };
		53EE5D810E471B7E5F7C6D91 /* Pods_TheJournalist.framework in Frameworks */ = {isa = PBXBuildFile; fileRef = 00B66DA7C9CDF7101BFAF7CA /* Pods_TheJournalist.framework */; };
/* End PBXBuildFile section */

/* Begin PBXContainerItemProxy section */
		39D85EA41CC65891002F017D /* PBXContainerItemProxy */ = {
			isa = PBXContainerItemProxy;
			containerPortal = 39D85E871CC65891002F017D /* Project object */;
			proxyType = 1;
			remoteGlobalIDString = 39D85E8E1CC65891002F017D;
			remoteInfo = TheJournalist;
		};
		39D85EAF1CC65891002F017D /* PBXContainerItemProxy */ = {
			isa = PBXContainerItemProxy;
			containerPortal = 39D85E871CC65891002F017D /* Project object */;
			proxyType = 1;
			remoteGlobalIDString = 39D85E8E1CC65891002F017D;
			remoteInfo = TheJournalist;
		};
/* End PBXContainerItemProxy section */

/* Begin PBXFileReference section */
		00B66DA7C9CDF7101BFAF7CA /* Pods_TheJournalist.framework */ = {isa = PBXFileReference; explicitFileType = wrapper.framework; includeInIndex = 0; path = Pods_TheJournalist.framework; sourceTree = BUILT_PRODUCTS_DIR; };
		396931DE1CC6A3880061808D /* CommentFbButton.swift */ = {isa = PBXFileReference; fileEncoding = 4; lastKnownFileType = sourcecode.swift; path = CommentFbButton.swift; sourceTree = "<group>"; };
		396931E01CC6A3990061808D /* CommentTweetButton.swift */ = {isa = PBXFileReference; fileEncoding = 4; lastKnownFileType = sourcecode.swift; path = CommentTweetButton.swift; sourceTree = "<group>"; };
		396931E31CC6A4940061808D /* CommentTitleLabel.swift */ = {isa = PBXFileReference; fileEncoding = 4; lastKnownFileType = sourcecode.swift; path = CommentTitleLabel.swift; sourceTree = "<group>"; };
		39D85E8F1CC65891002F017D /* TheJournalist.app */ = {isa = PBXFileReference; explicitFileType = wrapper.application; includeInIndex = 0; path = TheJournalist.app; sourceTree = BUILT_PRODUCTS_DIR; };
		39D85E921CC65891002F017D /* AppDelegate.swift */ = {isa = PBXFileReference; lastKnownFileType = sourcecode.swift; path = AppDelegate.swift; sourceTree = "<group>"; };
		39D85E971CC65891002F017D /* Base */ = {isa = PBXFileReference; lastKnownFileType = file.storyboard; name = Base; path = Base.lproj/Main.storyboard; sourceTree = "<group>"; };
		39D85E991CC65891002F017D /* Assets.xcassets */ = {isa = PBXFileReference; lastKnownFileType = folder.assetcatalog; path = Assets.xcassets; sourceTree = "<group>"; };
		39D85E9C1CC65891002F017D /* Base */ = {isa = PBXFileReference; lastKnownFileType = file.storyboard; name = Base; path = Base.lproj/LaunchScreen.storyboard; sourceTree = "<group>"; };
		39D85E9E1CC65891002F017D /* Info.plist */ = {isa = PBXFileReference; lastKnownFileType = text.plist.xml; path = Info.plist; sourceTree = "<group>"; };
		39D85EA31CC65891002F017D /* TheJournalistTests.xctest */ = {isa = PBXFileReference; explicitFileType = wrapper.cfbundle; includeInIndex = 0; path = TheJournalistTests.xctest; sourceTree = BUILT_PRODUCTS_DIR; };
		39D85EA71CC65891002F017D /* TheJournalistTests.swift */ = {isa = PBXFileReference; lastKnownFileType = sourcecode.swift; path = TheJournalistTests.swift; sourceTree = "<group>"; };
		39D85EA91CC65891002F017D /* Info.plist */ = {isa = PBXFileReference; lastKnownFileType = text.plist.xml; path = Info.plist; sourceTree = "<group>"; };
		39D85EAE1CC65891002F017D /* TheJournalistUITests.xctest */ = {isa = PBXFileReference; explicitFileType = wrapper.cfbundle; includeInIndex = 0; path = TheJournalistUITests.xctest; sourceTree = BUILT_PRODUCTS_DIR; };
		39D85EB21CC65891002F017D /* TheJournalistUITests.swift */ = {isa = PBXFileReference; lastKnownFileType = sourcecode.swift; path = TheJournalistUITests.swift; sourceTree = "<group>"; };
		39D85EB41CC65891002F017D /* Info.plist */ = {isa = PBXFileReference; lastKnownFileType = text.plist.xml; path = Info.plist; sourceTree = "<group>"; };
		39D85EC21CC660F1002F017D /* HomeViewController.swift */ = {isa = PBXFileReference; fileEncoding = 4; lastKnownFileType = sourcecode.swift; path = HomeViewController.swift; sourceTree = "<group>"; };
		39D85EC41CC660FB002F017D /* ProfileViewController.swift */ = {isa = PBXFileReference; fileEncoding = 4; lastKnownFileType = sourcecode.swift; path = ProfileViewController.swift; sourceTree = "<group>"; };
		39D85EC61CC6610B002F017D /* CommentViewController.swift */ = {isa = PBXFileReference; fileEncoding = 4; lastKnownFileType = sourcecode.swift; path = CommentViewController.swift; sourceTree = "<group>"; };
		39D85EC91CC6618B002F017D /* HomeCell.swift */ = {isa = PBXFileReference; fileEncoding = 4; lastKnownFileType = sourcecode.swift; path = HomeCell.swift; sourceTree = "<group>"; };
		39D85ECA1CC6618B002F017D /* HomeCell.xib */ = {isa = PBXFileReference; fileEncoding = 4; lastKnownFileType = file.xib; path = HomeCell.xib; sourceTree = "<group>"; };
		39D85ECD1CC661B7002F017D /* HomeTopicTitleLabel.swift */ = {isa = PBXFileReference; fileEncoding = 4; lastKnownFileType = sourcecode.swift; path = HomeTopicTitleLabel.swift; sourceTree = "<group>"; };
		39D85ED21CC662AE002F017D /* Colors.swift */ = {isa = PBXFileReference; fileEncoding = 4; lastKnownFileType = sourcecode.swift; path = Colors.swift; sourceTree = "<group>"; };
		39D85EE01CC676D9002F017D /* AxisStd-Regular.otf */ = {isa = PBXFileReference; lastKnownFileType = file; path = "AxisStd-Regular.otf"; sourceTree = "<group>"; };
		39D85EE41CC67E86002F017D /* NavigationViewController.swift */ = {isa = PBXFileReference; fileEncoding = 4; lastKnownFileType = sourcecode.swift; path = NavigationViewController.swift; sourceTree = "<group>"; };
		39D85EE81CC68F1B002F017D /* CommentCell.swift */ = {isa = PBXFileReference; fileEncoding = 4; lastKnownFileType = sourcecode.swift; path = CommentCell.swift; sourceTree = "<group>"; };
		39D85EE91CC68F1B002F017D /* CommentCell.xib */ = {isa = PBXFileReference; fileEncoding = 4; lastKnownFileType = file.xib; path = CommentCell.xib; sourceTree = "<group>"; };
		39D85EF21CC69AA0002F017D /* ProfileImageView.swift */ = {isa = PBXFileReference; fileEncoding = 4; lastKnownFileType = sourcecode.swift; path = ProfileImageView.swift; sourceTree = "<group>"; };
		C4C59A928568E5D7C4EE2B53 /* Pods-TheJournalist.release.xcconfig */ = {isa = PBXFileReference; includeInIndex = 1; lastKnownFileType = text.xcconfig; name = "Pods-TheJournalist.release.xcconfig"; path = "Pods/Target Support Files/Pods-TheJournalist/Pods-TheJournalist.release.xcconfig"; sourceTree = "<group>"; };
		E7151ADFF68766CDC5185B9D /* Pods-TheJournalist.debug.xcconfig */ = {isa = PBXFileReference; includeInIndex = 1; lastKnownFileType = text.xcconfig; name = "Pods-TheJournalist.debug.xcconfig"; path = "Pods/Target Support Files/Pods-TheJournalist/Pods-TheJournalist.debug.xcconfig"; sourceTree = "<group>"; };
/* End PBXFileReference section */

/* Begin PBXFrameworksBuildPhase section */
		39D85E8C1CC65891002F017D /* Frameworks */ = {
			isa = PBXFrameworksBuildPhase;
			buildActionMask = 2147483647;
			files = (
				53EE5D810E471B7E5F7C6D91 /* Pods_TheJournalist.framework in Frameworks */,
			);
			runOnlyForDeploymentPostprocessing = 0;
		};
		39D85EA01CC65891002F017D /* Frameworks */ = {
			isa = PBXFrameworksBuildPhase;
			buildActionMask = 2147483647;
			files = (
			);
			runOnlyForDeploymentPostprocessing = 0;
		};
		39D85EAB1CC65891002F017D /* Frameworks */ = {
			isa = PBXFrameworksBuildPhase;
			buildActionMask = 2147483647;
			files = (
			);
			runOnlyForDeploymentPostprocessing = 0;
		};
/* End PBXFrameworksBuildPhase section */

/* Begin PBXGroup section */
		396931E21CC6A3A00061808D /* Button */ = {
			isa = PBXGroup;
			children = (
				396931DE1CC6A3880061808D /* CommentFbButton.swift */,
				396931E01CC6A3990061808D /* CommentTweetButton.swift */,
			);
			name = Button;
			sourceTree = "<group>";
		};
		39D85E861CC65891002F017D = {
			isa = PBXGroup;
			children = (
				39D85E911CC65891002F017D /* TheJournalist */,
				39D85EA61CC65891002F017D /* TheJournalistTests */,
				39D85EB11CC65891002F017D /* TheJournalistUITests */,
				39D85E901CC65891002F017D /* Products */,
				999C172170DE3F83B761A2B3 /* Pods */,
				C4C3D21676BE093DC74E8E54 /* Frameworks */,
			);
			sourceTree = "<group>";
		};
		39D85E901CC65891002F017D /* Products */ = {
			isa = PBXGroup;
			children = (
				39D85E8F1CC65891002F017D /* TheJournalist.app */,
				39D85EA31CC65891002F017D /* TheJournalistTests.xctest */,
				39D85EAE1CC65891002F017D /* TheJournalistUITests.xctest */,
			);
			name = Products;
			sourceTree = "<group>";
		};
		39D85E911CC65891002F017D /* TheJournalist */ = {
			isa = PBXGroup;
			children = (
				39D85EE01CC676D9002F017D /* AxisStd-Regular.otf */,
				39D85E921CC65891002F017D /* AppDelegate.swift */,
				39D85E961CC65891002F017D /* Main.storyboard */,
				39D85E991CC65891002F017D /* Assets.xcassets */,
				39D85E9B1CC65891002F017D /* LaunchScreen.storyboard */,
				39D85E9E1CC65891002F017D /* Info.plist */,
				39D85EC81CC66151002F017D /* Controllers */,
				39D85ECF1CC661C7002F017D /* Layout */,
			);
			path = TheJournalist;
			sourceTree = "<group>";
		};
		39D85EA61CC65891002F017D /* TheJournalistTests */ = {
			isa = PBXGroup;
			children = (
				39D85EA71CC65891002F017D /* TheJournalistTests.swift */,
				39D85EA91CC65891002F017D /* Info.plist */,
			);
			path = TheJournalistTests;
			sourceTree = "<group>";
		};
		39D85EB11CC65891002F017D /* TheJournalistUITests */ = {
			isa = PBXGroup;
			children = (
				39D85EB21CC65891002F017D /* TheJournalistUITests.swift */,
				39D85EB41CC65891002F017D /* Info.plist */,
			);
			path = TheJournalistUITests;
			sourceTree = "<group>";
		};
		39D85EC81CC66151002F017D /* Controllers */ = {
			isa = PBXGroup;
			children = (
				39D85EC21CC660F1002F017D /* HomeViewController.swift */,
				39D85EC41CC660FB002F017D /* ProfileViewController.swift */,
				39D85EC61CC6610B002F017D /* CommentViewController.swift */,
				39D85EE41CC67E86002F017D /* NavigationViewController.swift */,
			);
			name = Controllers;
			sourceTree = "<group>";
		};
		39D85ECF1CC661C7002F017D /* Layout */ = {
			isa = PBXGroup;
			children = (
				39D85ED01CC661D1002F017D /* Cells */,
				39D85ED11CC661D7002F017D /* Labels */,
				39D85ED21CC662AE002F017D /* Colors.swift */,
				39D85EF61CC69B3E002F017D /* ImageVIew */,
				396931E21CC6A3A00061808D /* Button */,
			);
			name = Layout;
			sourceTree = "<group>";
		};
		39D85ED01CC661D1002F017D /* Cells */ = {
			isa = PBXGroup;
			children = (
				39D85EF01CC68F5B002F017D /* HomeCell */,
				39D85EF11CC68F64002F017D /* CommentCell */,
			);
			name = Cells;
			sourceTree = "<group>";
		};
		39D85ED11CC661D7002F017D /* Labels */ = {
			isa = PBXGroup;
			children = (
				39D85ECD1CC661B7002F017D /* HomeTopicTitleLabel.swift */,
				396931E31CC6A4940061808D /* CommentTitleLabel.swift */,
			);
			name = Labels;
			sourceTree = "<group>";
		};
		39D85EF01CC68F5B002F017D /* HomeCell */ = {
			isa = PBXGroup;
			children = (
				39D85EC91CC6618B002F017D /* HomeCell.swift */,
				39D85ECA1CC6618B002F017D /* HomeCell.xib */,
			);
			name = HomeCell;
			sourceTree = "<group>";
		};
		39D85EF11CC68F64002F017D /* CommentCell */ = {
			isa = PBXGroup;
			children = (
				39D85EE81CC68F1B002F017D /* CommentCell.swift */,
				39D85EE91CC68F1B002F017D /* CommentCell.xib */,
			);
			name = CommentCell;
			sourceTree = "<group>";
		};
		39D85EF61CC69B3E002F017D /* ImageVIew */ = {
			isa = PBXGroup;
			children = (
				39D85EF21CC69AA0002F017D /* ProfileImageView.swift */,
			);
			name = ImageVIew;
			sourceTree = "<group>";
		};
		999C172170DE3F83B761A2B3 /* Pods */ = {
			isa = PBXGroup;
			children = (
				E7151ADFF68766CDC5185B9D /* Pods-TheJournalist.debug.xcconfig */,
				C4C59A928568E5D7C4EE2B53 /* Pods-TheJournalist.release.xcconfig */,
			);
			name = Pods;
			sourceTree = "<group>";
		};
		C4C3D21676BE093DC74E8E54 /* Frameworks */ = {
			isa = PBXGroup;
			children = (
				00B66DA7C9CDF7101BFAF7CA /* Pods_TheJournalist.framework */,
			);
			name = Frameworks;
			sourceTree = "<group>";
		};
/* End PBXGroup section */

/* Begin PBXNativeTarget section */
		39D85E8E1CC65891002F017D /* TheJournalist */ = {
			isa = PBXNativeTarget;
			buildConfigurationList = 39D85EB71CC65891002F017D /* Build configuration list for PBXNativeTarget "TheJournalist" */;
			buildPhases = (
				F3FBE3CF674F69FCCEA6C12F /* Check Pods Manifest.lock */,
				39D85E8B1CC65891002F017D /* Sources */,
				39D85E8C1CC65891002F017D /* Frameworks */,
				39D85E8D1CC65891002F017D /* Resources */,
				4150D05C112F6ACF65724A49 /* Embed Pods Frameworks */,
				0BE59E8B340096F4CF454AF5 /* Copy Pods Resources */,
			);
			buildRules = (
			);
			dependencies = (
			);
			name = TheJournalist;
			productName = TheJournalist;
			productReference = 39D85E8F1CC65891002F017D /* TheJournalist.app */;
			productType = "com.apple.product-type.application";
		};
		39D85EA21CC65891002F017D /* TheJournalistTests */ = {
			isa = PBXNativeTarget;
			buildConfigurationList = 39D85EBA1CC65891002F017D /* Build configuration list for PBXNativeTarget "TheJournalistTests" */;
			buildPhases = (
				39D85E9F1CC65891002F017D /* Sources */,
				39D85EA01CC65891002F017D /* Frameworks */,
				39D85EA11CC65891002F017D /* Resources */,
			);
			buildRules = (
			);
			dependencies = (
				39D85EA51CC65891002F017D /* PBXTargetDependency */,
			);
			name = TheJournalistTests;
			productName = TheJournalistTests;
			productReference = 39D85EA31CC65891002F017D /* TheJournalistTests.xctest */;
			productType = "com.apple.product-type.bundle.unit-test";
		};
		39D85EAD1CC65891002F017D /* TheJournalistUITests */ = {
			isa = PBXNativeTarget;
			buildConfigurationList = 39D85EBD1CC65891002F017D /* Build configuration list for PBXNativeTarget "TheJournalistUITests" */;
			buildPhases = (
				39D85EAA1CC65891002F017D /* Sources */,
				39D85EAB1CC65891002F017D /* Frameworks */,
				39D85EAC1CC65891002F017D /* Resources */,
			);
			buildRules = (
			);
			dependencies = (
				39D85EB01CC65891002F017D /* PBXTargetDependency */,
			);
			name = TheJournalistUITests;
			productName = TheJournalistUITests;
			productReference = 39D85EAE1CC65891002F017D /* TheJournalistUITests.xctest */;
			productType = "com.apple.product-type.bundle.ui-testing";
		};
/* End PBXNativeTarget section */

/* Begin PBXProject section */
		39D85E871CC65891002F017D /* Project object */ = {
			isa = PBXProject;
			attributes = {
				LastSwiftUpdateCheck = 0730;
				LastUpgradeCheck = 0730;
				ORGANIZATIONNAME = ShinokiRyosei;
				TargetAttributes = {
					39D85E8E1CC65891002F017D = {
						CreatedOnToolsVersion = 7.3;
					};
					39D85EA21CC65891002F017D = {
						CreatedOnToolsVersion = 7.3;
						TestTargetID = 39D85E8E1CC65891002F017D;
					};
					39D85EAD1CC65891002F017D = {
						CreatedOnToolsVersion = 7.3;
						TestTargetID = 39D85E8E1CC65891002F017D;
					};
				};
			};
			buildConfigurationList = 39D85E8A1CC65891002F017D /* Build configuration list for PBXProject "TheJournalist" */;
			compatibilityVersion = "Xcode 3.2";
			developmentRegion = English;
			hasScannedForEncodings = 0;
			knownRegions = (
				en,
				Base,
			);
			mainGroup = 39D85E861CC65891002F017D;
			productRefGroup = 39D85E901CC65891002F017D /* Products */;
			projectDirPath = "";
			projectRoot = "";
			targets = (
				39D85E8E1CC65891002F017D /* TheJournalist */,
				39D85EA21CC65891002F017D /* TheJournalistTests */,
				39D85EAD1CC65891002F017D /* TheJournalistUITests */,
			);
		};
/* End PBXProject section */

/* Begin PBXResourcesBuildPhase section */
		39D85E8D1CC65891002F017D /* Resources */ = {
			isa = PBXResourcesBuildPhase;
			buildActionMask = 2147483647;
			files = (
				39D85EE11CC676D9002F017D /* AxisStd-Regular.otf in Resources */,
				39D85E9D1CC65891002F017D /* LaunchScreen.storyboard in Resources */,
				39D85E9A1CC65891002F017D /* Assets.xcassets in Resources */,
				39D85EED1CC68F1B002F017D /* CommentCell.xib in Resources */,
				39D85ECC1CC6618B002F017D /* HomeCell.xib in Resources */,
				39D85E981CC65891002F017D /* Main.storyboard in Resources */,
			);
			runOnlyForDeploymentPostprocessing = 0;
		};
		39D85EA11CC65891002F017D /* Resources */ = {
			isa = PBXResourcesBuildPhase;
			buildActionMask = 2147483647;
			files = (
				39D85EE21CC676D9002F017D /* AxisStd-Regular.otf in Resources */,
				39D85EEE1CC68F1B002F017D /* CommentCell.xib in Resources */,
			);
			runOnlyForDeploymentPostprocessing = 0;
		};
		39D85EAC1CC65891002F017D /* Resources */ = {
			isa = PBXResourcesBuildPhase;
			buildActionMask = 2147483647;
			files = (
				39D85EE31CC676D9002F017D /* AxisStd-Regular.otf in Resources */,
				39D85EEF1CC68F1B002F017D /* CommentCell.xib in Resources */,
			);
			runOnlyForDeploymentPostprocessing = 0;
		};
/* End PBXResourcesBuildPhase section */

/* Begin PBXShellScriptBuildPhase section */
		0BE59E8B340096F4CF454AF5 /* Copy Pods Resources */ = {
			isa = PBXShellScriptBuildPhase;
			buildActionMask = 2147483647;
			files = (
			);
			inputPaths = (
			);
			name = "Copy Pods Resources";
			outputPaths = (
			);
			runOnlyForDeploymentPostprocessing = 0;
			shellPath = /bin/sh;
			shellScript = "\"${SRCROOT}/Pods/Target Support Files/Pods-TheJournalist/Pods-TheJournalist-resources.sh\"\n";
			showEnvVarsInLog = 0;
		};
		4150D05C112F6ACF65724A49 /* Embed Pods Frameworks */ = {
			isa = PBXShellScriptBuildPhase;
			buildActionMask = 2147483647;
			files = (
			);
			inputPaths = (
			);
			name = "Embed Pods Frameworks";
			outputPaths = (
			);
			runOnlyForDeploymentPostprocessing = 0;
			shellPath = /bin/sh;
			shellScript = "\"${SRCROOT}/Pods/Target Support Files/Pods-TheJournalist/Pods-TheJournalist-frameworks.sh\"\n";
			showEnvVarsInLog = 0;
		};
		F3FBE3CF674F69FCCEA6C12F /* Check Pods Manifest.lock */ = {
			isa = PBXShellScriptBuildPhase;
			buildActionMask = 2147483647;
			files = (
			);
			inputPaths = (
			);
			name = "Check Pods Manifest.lock";
			outputPaths = (
			);
			runOnlyForDeploymentPostprocessing = 0;
			shellPath = /bin/sh;
			shellScript = "diff \"${PODS_ROOT}/../Podfile.lock\" \"${PODS_ROOT}/Manifest.lock\" > /dev/null\nif [[ $? != 0 ]] ; then\n    cat << EOM\nerror: The sandbox is not in sync with the Podfile.lock. Run 'pod install' or update your CocoaPods installation.\nEOM\n    exit 1\nfi\n";
			showEnvVarsInLog = 0;
		};
/* End PBXShellScriptBuildPhase section */

/* Begin PBXSourcesBuildPhase section */
		39D85E8B1CC65891002F017D /* Sources */ = {
			isa = PBXSourcesBuildPhase;
			buildActionMask = 2147483647;
			files = (
				396931DF1CC6A3880061808D /* CommentFbButton.swift in Sources */,
				39D85ED31CC662AE002F017D /* Colors.swift in Sources */,
				39D85EC71CC6610B002F017D /* CommentViewController.swift in Sources */,
				396931E11CC6A3990061808D /* CommentTweetButton.swift in Sources */,
				39D85EE51CC67E86002F017D /* NavigationViewController.swift in Sources */,
				396931E41CC6A4940061808D /* CommentTitleLabel.swift in Sources */,
				39D85EC51CC660FB002F017D /* ProfileViewController.swift in Sources */,
				39D85EF31CC69AA0002F017D /* ProfileImageView.swift in Sources */,
				39D85EEA1CC68F1B002F017D /* CommentCell.swift in Sources */,
				39D85E931CC65891002F017D /* AppDelegate.swift in Sources */,
				39D85ECB1CC6618B002F017D /* HomeCell.swift in Sources */,
				39D85ECE1CC661B7002F017D /* HomeTopicTitleLabel.swift in Sources */,
				39D85EC31CC660F1002F017D /* HomeViewController.swift in Sources */,
			);
			runOnlyForDeploymentPostprocessing = 0;
		};
		39D85E9F1CC65891002F017D /* Sources */ = {
			isa = PBXSourcesBuildPhase;
			buildActionMask = 2147483647;
			files = (
				39D85EF41CC69AA0002F017D /* ProfileImageView.swift in Sources */,
				39D85EE61CC67E86002F017D /* NavigationViewController.swift in Sources */,
				39D85EA81CC65891002F017D /* TheJournalistTests.swift in Sources */,
				39D85EEB1CC68F1B002F017D /* CommentCell.swift in Sources */,
			);
			runOnlyForDeploymentPostprocessing = 0;
		};
		39D85EAA1CC65891002F017D /* Sources */ = {
			isa = PBXSourcesBuildPhase;
			buildActionMask = 2147483647;
			files = (
				39D85EF51CC69AA0002F017D /* ProfileImageView.swift in Sources */,
				39D85EE71CC67E86002F017D /* NavigationViewController.swift in Sources */,
				39D85EB31CC65891002F017D /* TheJournalistUITests.swift in Sources */,
				39D85EEC1CC68F1B002F017D /* CommentCell.swift in Sources */,
			);
			runOnlyForDeploymentPostprocessing = 0;
		};
/* End PBXSourcesBuildPhase section */

/* Begin PBXTargetDependency section */
		39D85EA51CC65891002F017D /* PBXTargetDependency */ = {
			isa = PBXTargetDependency;
			target = 39D85E8E1CC65891002F017D /* TheJournalist */;
			targetProxy = 39D85EA41CC65891002F017D /* PBXContainerItemProxy */;
		};
		39D85EB01CC65891002F017D /* PBXTargetDependency */ = {
			isa = PBXTargetDependency;
			target = 39D85E8E1CC65891002F017D /* TheJournalist */;
			targetProxy = 39D85EAF1CC65891002F017D /* PBXContainerItemProxy */;
		};
/* End PBXTargetDependency section */

/* Begin PBXVariantGroup section */
		39D85E961CC65891002F017D /* Main.storyboard */ = {
			isa = PBXVariantGroup;
			children = (
				39D85E971CC65891002F017D /* Base */,
			);
			name = Main.storyboard;
			sourceTree = "<group>";
		};
		39D85E9B1CC65891002F017D /* LaunchScreen.storyboard */ = {
			isa = PBXVariantGroup;
			children = (
				39D85E9C1CC65891002F017D /* Base */,
			);
			name = LaunchScreen.storyboard;
			sourceTree = "<group>";
		};
/* End PBXVariantGroup section */

/* Begin XCBuildConfiguration section */
		39D85EB51CC65891002F017D /* Debug */ = {
			isa = XCBuildConfiguration;
			buildSettings = {
				ALWAYS_SEARCH_USER_PATHS = NO;
				CLANG_ANALYZER_NONNULL = YES;
				CLANG_CXX_LANGUAGE_STANDARD = "gnu++0x";
				CLANG_CXX_LIBRARY = "libc++";
				CLANG_ENABLE_MODULES = YES;
				CLANG_ENABLE_OBJC_ARC = YES;
				CLANG_WARN_BOOL_CONVERSION = YES;
				CLANG_WARN_CONSTANT_CONVERSION = YES;
				CLANG_WARN_DIRECT_OBJC_ISA_USAGE = YES_ERROR;
				CLANG_WARN_EMPTY_BODY = YES;
				CLANG_WARN_ENUM_CONVERSION = YES;
				CLANG_WARN_INT_CONVERSION = YES;
				CLANG_WARN_OBJC_ROOT_CLASS = YES_ERROR;
				CLANG_WARN_UNREACHABLE_CODE = YES;
				CLANG_WARN__DUPLICATE_METHOD_MATCH = YES;
				"CODE_SIGN_IDENTITY[sdk=iphoneos*]" = "iPhone Developer";
				COPY_PHASE_STRIP = NO;
				DEBUG_INFORMATION_FORMAT = dwarf;
				ENABLE_STRICT_OBJC_MSGSEND = YES;
				ENABLE_TESTABILITY = YES;
				GCC_C_LANGUAGE_STANDARD = gnu99;
				GCC_DYNAMIC_NO_PIC = NO;
				GCC_NO_COMMON_BLOCKS = YES;
				GCC_OPTIMIZATION_LEVEL = 0;
				GCC_PREPROCESSOR_DEFINITIONS = (
					"DEBUG=1",
					"$(inherited)",
				);
				GCC_WARN_64_TO_32_BIT_CONVERSION = YES;
				GCC_WARN_ABOUT_RETURN_TYPE = YES_ERROR;
				GCC_WARN_UNDECLARED_SELECTOR = YES;
				GCC_WARN_UNINITIALIZED_AUTOS = YES_AGGRESSIVE;
				GCC_WARN_UNUSED_FUNCTION = YES;
				GCC_WARN_UNUSED_VARIABLE = YES;
				IPHONEOS_DEPLOYMENT_TARGET = 9.3;
				MTL_ENABLE_DEBUG_INFO = YES;
				ONLY_ACTIVE_ARCH = YES;
				SDKROOT = iphoneos;
				SWIFT_OPTIMIZATION_LEVEL = "-Onone";
			};
			name = Debug;
		};
		39D85EB61CC65891002F017D /* Release */ = {
			isa = XCBuildConfiguration;
			buildSettings = {
				ALWAYS_SEARCH_USER_PATHS = NO;
				CLANG_ANALYZER_NONNULL = YES;
				CLANG_CXX_LANGUAGE_STANDARD = "gnu++0x";
				CLANG_CXX_LIBRARY = "libc++";
				CLANG_ENABLE_MODULES = YES;
				CLANG_ENABLE_OBJC_ARC = YES;
				CLANG_WARN_BOOL_CONVERSION = YES;
				CLANG_WARN_CONSTANT_CONVERSION = YES;
				CLANG_WARN_DIRECT_OBJC_ISA_USAGE = YES_ERROR;
				CLANG_WARN_EMPTY_BODY = YES;
				CLANG_WARN_ENUM_CONVERSION = YES;
				CLANG_WARN_INT_CONVERSION = YES;
				CLANG_WARN_OBJC_ROOT_CLASS = YES_ERROR;
				CLANG_WARN_UNREACHABLE_CODE = YES;
				CLANG_WARN__DUPLICATE_METHOD_MATCH = YES;
				"CODE_SIGN_IDENTITY[sdk=iphoneos*]" = "iPhone Developer";
				COPY_PHASE_STRIP = NO;
				DEBUG_INFORMATION_FORMAT = "dwarf-with-dsym";
				ENABLE_NS_ASSERTIONS = NO;
				ENABLE_STRICT_OBJC_MSGSEND = YES;
				GCC_C_LANGUAGE_STANDARD = gnu99;
				GCC_NO_COMMON_BLOCKS = YES;
				GCC_WARN_64_TO_32_BIT_CONVERSION = YES;
				GCC_WARN_ABOUT_RETURN_TYPE = YES_ERROR;
				GCC_WARN_UNDECLARED_SELECTOR = YES;
				GCC_WARN_UNINITIALIZED_AUTOS = YES_AGGRESSIVE;
				GCC_WARN_UNUSED_FUNCTION = YES;
				GCC_WARN_UNUSED_VARIABLE = YES;
				IPHONEOS_DEPLOYMENT_TARGET = 9.3;
				MTL_ENABLE_DEBUG_INFO = NO;
				SDKROOT = iphoneos;
				VALIDATE_PRODUCT = YES;
			};
			name = Release;
		};
		39D85EB81CC65891002F017D /* Debug */ = {
			isa = XCBuildConfiguration;
			baseConfigurationReference = E7151ADFF68766CDC5185B9D /* Pods-TheJournalist.debug.xcconfig */;
			buildSettings = {
				ASSETCATALOG_COMPILER_APPICON_NAME = AppIcon;
				INFOPLIST_FILE = TheJournalist/Info.plist;
				LD_RUNPATH_SEARCH_PATHS = "$(inherited) @executable_path/Frameworks";
				PRODUCT_BUNDLE_IDENTIFIER = tv.shinokin.TheJournalist;
				PRODUCT_NAME = "$(TARGET_NAME)";
			};
			name = Debug;
		};
		39D85EB91CC65891002F017D /* Release */ = {
			isa = XCBuildConfiguration;
			baseConfigurationReference = C4C59A928568E5D7C4EE2B53 /* Pods-TheJournalist.release.xcconfig */;
			buildSettings = {
				ASSETCATALOG_COMPILER_APPICON_NAME = AppIcon;
				INFOPLIST_FILE = TheJournalist/Info.plist;
				LD_RUNPATH_SEARCH_PATHS = "$(inherited) @executable_path/Frameworks";
				PRODUCT_BUNDLE_IDENTIFIER = tv.shinokin.TheJournalist;
				PRODUCT_NAME = "$(TARGET_NAME)";
			};
			name = Release;
		};
		39D85EBB1CC65891002F017D /* Debug */ = {
			isa = XCBuildConfiguration;
			buildSettings = {
				BUNDLE_LOADER = "$(TEST_HOST)";
				INFOPLIST_FILE = TheJournalistTests/Info.plist;
				LD_RUNPATH_SEARCH_PATHS = "$(inherited) @executable_path/Frameworks @loader_path/Frameworks";
				PRODUCT_BUNDLE_IDENTIFIER = tv.shinokin.TheJournalistTests;
				PRODUCT_NAME = "$(TARGET_NAME)";
				TEST_HOST = "$(BUILT_PRODUCTS_DIR)/TheJournalist.app/TheJournalist";
			};
			name = Debug;
		};
		39D85EBC1CC65891002F017D /* Release */ = {
			isa = XCBuildConfiguration;
			buildSettings = {
				BUNDLE_LOADER = "$(TEST_HOST)";
				INFOPLIST_FILE = TheJournalistTests/Info.plist;
				LD_RUNPATH_SEARCH_PATHS = "$(inherited) @executable_path/Frameworks @loader_path/Frameworks";
				PRODUCT_BUNDLE_IDENTIFIER = tv.shinokin.TheJournalistTests;
				PRODUCT_NAME = "$(TARGET_NAME)";
				TEST_HOST = "$(BUILT_PRODUCTS_DIR)/TheJournalist.app/TheJournalist";
			};
			name = Release;
		};
		39D85EBE1CC65891002F017D /* Debug */ = {
			isa = XCBuildConfiguration;
			buildSettings = {
				INFOPLIST_FILE = TheJournalistUITests/Info.plist;
				LD_RUNPATH_SEARCH_PATHS = "$(inherited) @executable_path/Frameworks @loader_path/Frameworks";
				PRODUCT_BUNDLE_IDENTIFIER = tv.shinokin.TheJournalistUITests;
				PRODUCT_NAME = "$(TARGET_NAME)";
				TEST_TARGET_NAME = TheJournalist;
			};
			name = Debug;
		};
		39D85EBF1CC65891002F017D /* Release */ = {
			isa = XCBuildConfiguration;
			buildSettings = {
				INFOPLIST_FILE = TheJournalistUITests/Info.plist;
				LD_RUNPATH_SEARCH_PATHS = "$(inherited) @executable_path/Frameworks @loader_path/Frameworks";
				PRODUCT_BUNDLE_IDENTIFIER = tv.shinokin.TheJournalistUITests;
				PRODUCT_NAME = "$(TARGET_NAME)";
				TEST_TARGET_NAME = TheJournalist;
			};
			name = Release;
		};
/* End XCBuildConfiguration section */

/* Begin XCConfigurationList section */
		39D85E8A1CC65891002F017D /* Build configuration list for PBXProject "TheJournalist" */ = {
			isa = XCConfigurationList;
			buildConfigurations = (
				39D85EB51CC65891002F017D /* Debug */,
				39D85EB61CC65891002F017D /* Release */,
			);
			defaultConfigurationIsVisible = 0;
			defaultConfigurationName = Release;
		};
		39D85EB71CC65891002F017D /* Build configuration list for PBXNativeTarget "TheJournalist" */ = {
			isa = XCConfigurationList;
			buildConfigurations = (
				39D85EB81CC65891002F017D /* Debug */,
				39D85EB91CC65891002F017D /* Release */,
			);
			defaultConfigurationIsVisible = 0;
			defaultConfigurationName = Release;
		};
		39D85EBA1CC65891002F017D /* Build configuration list for PBXNativeTarget "TheJournalistTests" */ = {
			isa = XCConfigurationList;
			buildConfigurations = (
				39D85EBB1CC65891002F017D /* Debug */,
				39D85EBC1CC65891002F017D /* Release */,
			);
			defaultConfigurationIsVisible = 0;
			defaultConfigurationName = Release;
		};
		39D85EBD1CC65891002F017D /* Build configuration list for PBXNativeTarget "TheJournalistUITests" */ = {
			isa = XCConfigurationList;
			buildConfigurations = (
				39D85EBE1CC65891002F017D /* Debug */,
				39D85EBF1CC65891002F017D /* Release */,
			);
			defaultConfigurationIsVisible = 0;
			defaultConfigurationName = Release;
		};
/* End XCConfigurationList section */
	};
	rootObject = 39D85E871CC65891002F017D /* Project object */;
}
