// !$*UTF8*$!
{
	archiveVersion = 1;
	classes = {
	};
	objectVersion = 46;
	objects = {

/* Begin PBXBuildFile section */
		3955E6201CC8CB3B00E88BDC /* CommentClipButton.swift in Sources */ = {isa = PBXBuildFile; fileRef = 3955E61F1CC8CB3B00E88BDC /* CommentClipButton.swift */; };
		3955E6221CC8D10300E88BDC /* ProfileClipButton.swift in Sources */ = {isa = PBXBuildFile; fileRef = 3955E6211CC8D10300E88BDC /* ProfileClipButton.swift */; };
		3955E6241CC8D4DD00E88BDC /* olympic.jpeg in Resources */ = {isa = PBXBuildFile; fileRef = 3955E6231CC8D4DD00E88BDC /* olympic.jpeg */; };
		3955E6271CC909E500E88BDC /* profile_image.jpg in Resources */ = {isa = PBXBuildFile; fileRef = 3955E6261CC909E500E88BDC /* profile_image.jpg */; };
		3955E6291CC9151500E88BDC /* ProfileTitleLabel.swift in Sources */ = {isa = PBXBuildFile; fileRef = 3955E6281CC9151500E88BDC /* ProfileTitleLabel.swift */; };
		3955E6371CC91CCF00E88BDC /* Contents.json in Resources */ = {isa = PBXBuildFile; fileRef = 3955E62B1CC91CCE00E88BDC /* Contents.json */; };
		3955E6381CC91CCF00E88BDC /* icon-29.png in Resources */ = {isa = PBXBuildFile; fileRef = 3955E62C1CC91CCF00E88BDC /* icon-29.png */; };
		3955E6391CC91CCF00E88BDC /* icon-29@2x.png in Resources */ = {isa = PBXBuildFile; fileRef = 3955E62D1CC91CCF00E88BDC /* icon-29@2x.png */; };
		3955E63A1CC91CCF00E88BDC /* icon-29@3x.png in Resources */ = {isa = PBXBuildFile; fileRef = 3955E62E1CC91CCF00E88BDC /* icon-29@3x.png */; };
		3955E63B1CC91CCF00E88BDC /* icon-40.png in Resources */ = {isa = PBXBuildFile; fileRef = 3955E62F1CC91CCF00E88BDC /* icon-40.png */; };
		3955E63C1CC91CCF00E88BDC /* icon-40@2x.png in Resources */ = {isa = PBXBuildFile; fileRef = 3955E6301CC91CCF00E88BDC /* icon-40@2x.png */; };
		3955E63D1CC91CCF00E88BDC /* icon-40@3x.png in Resources */ = {isa = PBXBuildFile; fileRef = 3955E6311CC91CCF00E88BDC /* icon-40@3x.png */; };
		3955E63E1CC91CCF00E88BDC /* icon-60@2x.png in Resources */ = {isa = PBXBuildFile; fileRef = 3955E6321CC91CCF00E88BDC /* icon-60@2x.png */; };
		3955E63F1CC91CCF00E88BDC /* icon-60@3x.png in Resources */ = {isa = PBXBuildFile; fileRef = 3955E6331CC91CCF00E88BDC /* icon-60@3x.png */; };
		3955E6401CC91CCF00E88BDC /* icon-76.png in Resources */ = {isa = PBXBuildFile; fileRef = 3955E6341CC91CCF00E88BDC /* icon-76.png */; };
		3955E6411CC91CCF00E88BDC /* icon-76@2x.png in Resources */ = {isa = PBXBuildFile; fileRef = 3955E6351CC91CCF00E88BDC /* icon-76@2x.png */; };
		3955E6421CC91CCF00E88BDC /* icon-83.5@2x.png in Resources */ = {isa = PBXBuildFile; fileRef = 3955E6361CC91CCF00E88BDC /* icon-83.5@2x.png */; };
		3955E6441CC91FD200E88BDC /* CommentProfileAgreeImageVIew.swift in Sources */ = {isa = PBXBuildFile; fileRef = 3955E6431CC91FD200E88BDC /* CommentProfileAgreeImageVIew.swift */; };
		3955E6461CC91FEC00E88BDC /* CommentProfileDisagreeImageView.swift in Sources */ = {isa = PBXBuildFile; fileRef = 3955E6451CC91FEC00E88BDC /* CommentProfileDisagreeImageView.swift */; };
		3955E6491CC9202300E88BDC /* CommentDisAgreeCell.swift in Sources */ = {isa = PBXBuildFile; fileRef = 3955E6471CC9202300E88BDC /* CommentDisAgreeCell.swift */; };
		3955E64A1CC9202300E88BDC /* CommentDisAgreeCell.xib in Resources */ = {isa = PBXBuildFile; fileRef = 3955E6481CC9202300E88BDC /* CommentDisAgreeCell.xib */; };
		3955E64D1CC9204000E88BDC /* CommentAgreeCell.swift in Sources */ = {isa = PBXBuildFile; fileRef = 3955E64B1CC9204000E88BDC /* CommentAgreeCell.swift */; };
		3955E64E1CC9204000E88BDC /* CommentAgreeCell.xib in Resources */ = {isa = PBXBuildFile; fileRef = 3955E64C1CC9204000E88BDC /* CommentAgreeCell.xib */; };
		3955E6521CC94C0E00E88BDC /* VoteViewController.swift in Sources */ = {isa = PBXBuildFile; fileRef = 3955E6511CC94C0E00E88BDC /* VoteViewController.swift */; };
		3955E6541CC94C6600E88BDC /* VoteTitleLabel.swift in Sources */ = {isa = PBXBuildFile; fileRef = 3955E6531CC94C6600E88BDC /* VoteTitleLabel.swift */; };
		3955E6561CC94D1400E88BDC /* VoteAgreeButton.swift in Sources */ = {isa = PBXBuildFile; fileRef = 3955E6551CC94D1400E88BDC /* VoteAgreeButton.swift */; };
		3955E6581CC94D7900E88BDC /* VoteDisagreeButton.swift in Sources */ = {isa = PBXBuildFile; fileRef = 3955E6571CC94D7900E88BDC /* VoteDisagreeButton.swift */; };
		3955E6831CCA18CD00E88BDC /* searchButton.png in Resources */ = {isa = PBXBuildFile; fileRef = 3955E6621CCA18CD00E88BDC /* searchButton.png */; };
		3955E6841CCA18CD00E88BDC /* plusButton.png in Resources */ = {isa = PBXBuildFile; fileRef = 3955E6631CCA18CD00E88BDC /* plusButton.png */; };
		3955E6851CCA18CD00E88BDC /* commentButton.png in Resources */ = {isa = PBXBuildFile; fileRef = 3955E6641CCA18CD00E88BDC /* commentButton.png */; };
		3955E6861CCA18CD00E88BDC /* homeButton.png in Resources */ = {isa = PBXBuildFile; fileRef = 3955E6651CCA18CD00E88BDC /* homeButton.png */; };
		3955E6871CCA18CD00E88BDC /* graphButton.png in Resources */ = {isa = PBXBuildFile; fileRef = 3955E6661CCA18CD00E88BDC /* graphButton.png */; };
		3955E6881CCA18CD00E88BDC /* trendButton.png in Resources */ = {isa = PBXBuildFile; fileRef = 3955E6671CCA18CD00E88BDC /* trendButton.png */; };
		3955E6891CCA18CD00E88BDC /* recordButton.png in Resources */ = {isa = PBXBuildFile; fileRef = 3955E6681CCA18CD00E88BDC /* recordButton.png */; };
		3955E68A1CCA18CD00E88BDC /* titleButton.png in Resources */ = {isa = PBXBuildFile; fileRef = 3955E6691CCA18CD00E88BDC /* titleButton.png */; };
		3955E68B1CCA18CD00E88BDC /* menuButton.png in Resources */ = {isa = PBXBuildFile; fileRef = 3955E66A1CCA18CD00E88BDC /* menuButton.png */; };
		3955E68C1CCA18CD00E88BDC /* settingButton.png in Resources */ = {isa = PBXBuildFile; fileRef = 3955E66B1CCA18CD00E88BDC /* settingButton.png */; };
		3955E68D1CCA18CD00E88BDC /* firstnameIcon.png in Resources */ = {isa = PBXBuildFile; fileRef = 3955E66C1CCA18CD00E88BDC /* firstnameIcon.png */; };
		3955E68E1CCA18CD00E88BDC /* helpButton.png in Resources */ = {isa = PBXBuildFile; fileRef = 3955E66D1CCA18CD00E88BDC /* helpButton.png */; };
		3955E68F1CCA18CD00E88BDC /* agreeButton.png in Resources */ = {isa = PBXBuildFile; fileRef = 3955E66E1CCA18CD00E88BDC /* agreeButton.png */; };
		3955E6901CCA18CD00E88BDC /* disagreeButton.png in Resources */ = {isa = PBXBuildFile; fileRef = 3955E66F1CCA18CD00E88BDC /* disagreeButton.png */; };
		3955E6911CCA18CD00E88BDC /* lastnameIcon.png in Resources */ = {isa = PBXBuildFile; fileRef = 3955E6701CCA18CD00E88BDC /* lastnameIcon.png */; };
		3955E6921CCA18CD00E88BDC /* mailIcon.png in Resources */ = {isa = PBXBuildFile; fileRef = 3955E6711CCA18CD00E88BDC /* mailIcon.png */; };
		3955E6931CCA18CD00E88BDC /* laterDecideButton.png in Resources */ = {isa = PBXBuildFile; fileRef = 3955E6721CCA18CD00E88BDC /* laterDecideButton.png */; };
		3955E6941CCA18CD00E88BDC /* passwordIcon.png in Resources */ = {isa = PBXBuildFile; fileRef = 3955E6731CCA18CD00E88BDC /* passwordIcon.png */; };
		3955E6951CCA18CD00E88BDC /* editProfileButton.png in Resources */ = {isa = PBXBuildFile; fileRef = 3955E6741CCA18CD00E88BDC /* editProfileButton.png */; };
		3955E6961CCA18CD00E88BDC /* clipButton.png in Resources */ = {isa = PBXBuildFile; fileRef = 3955E6751CCA18CD00E88BDC /* clipButton.png */; };
		3955E6971CCA18CD00E88BDC /* titleIcon.png in Resources */ = {isa = PBXBuildFile; fileRef = 3955E6761CCA18CD00E88BDC /* titleIcon.png */; };
		3955E6981CCA18CD00E88BDC /* disagreeIcon.png in Resources */ = {isa = PBXBuildFile; fileRef = 3955E6771CCA18CD00E88BDC /* disagreeIcon.png */; };
		3955E6991CCA18CD00E88BDC /* agreeIcon.png in Resources */ = {isa = PBXBuildFile; fileRef = 3955E6781CCA18CD00E88BDC /* agreeIcon.png */; };
		3955E69A1CCA18CD00E88BDC /* clipedButton.png in Resources */ = {isa = PBXBuildFile; fileRef = 3955E6791CCA18CD00E88BDC /* clipedButton.png */; };
		3955E69B1CCA18CD00E88BDC /* loginButton.png in Resources */ = {isa = PBXBuildFile; fileRef = 3955E67A1CCA18CD00E88BDC /* loginButton.png */; };
		3955E69C1CCA18CD00E88BDC /* postButton.png in Resources */ = {isa = PBXBuildFile; fileRef = 3955E67B1CCA18CD00E88BDC /* postButton.png */; };
		3955E69D1CCA18CD00E88BDC /* facebookLogin.png in Resources */ = {isa = PBXBuildFile; fileRef = 3955E67C1CCA18CD00E88BDC /* facebookLogin.png */; };
		3955E69E1CCA18CD00E88BDC /* twitterLogin.png in Resources */ = {isa = PBXBuildFile; fileRef = 3955E67D1CCA18CD00E88BDC /* twitterLogin.png */; };
		3955E69F1CCA18CD00E88BDC /* newuserButton.png in Resources */ = {isa = PBXBuildFile; fileRef = 3955E67E1CCA18CD00E88BDC /* newuserButton.png */; };
		3955E6A01CCA18CD00E88BDC /* facebookNewuser.png in Resources */ = {isa = PBXBuildFile; fileRef = 3955E67F1CCA18CD00E88BDC /* facebookNewuser.png */; };
		3955E6A11CCA18CD00E88BDC /* postBoardButton.png in Resources */ = {isa = PBXBuildFile; fileRef = 3955E6801CCA18CD00E88BDC /* postBoardButton.png */; };
		3955E6A21CCA18CD00E88BDC /* twitterNewuser.png in Resources */ = {isa = PBXBuildFile; fileRef = 3955E6811CCA18CD00E88BDC /* twitterNewuser.png */; };
		3955E6A71CCA1F3200E88BDC /* LoginViewController.swift in Sources */ = {isa = PBXBuildFile; fileRef = 3955E6A61CCA1F3200E88BDC /* LoginViewController.swift */; };
		3955E6A91CCA22AE00E88BDC /* LoginFormView.swift in Sources */ = {isa = PBXBuildFile; fileRef = 3955E6A81CCA22AE00E88BDC /* LoginFormView.swift */; };
		3955E6AB1CCA22BF00E88BDC /* SignupFormView.swift in Sources */ = {isa = PBXBuildFile; fileRef = 3955E6AA1CCA22BF00E88BDC /* SignupFormView.swift */; };
		3955E6AD1CCA22FA00E88BDC /* LoginFormView.xib in Resources */ = {isa = PBXBuildFile; fileRef = 3955E6AC1CCA22FA00E88BDC /* LoginFormView.xib */; };
		3955E6B11CCA232F00E88BDC /* SignupFormView.xib in Resources */ = {isa = PBXBuildFile; fileRef = 3955E6B01CCA232F00E88BDC /* SignupFormView.xib */; };
		3955E6B31CCA730B00E88BDC /* EmailTextField.swift in Sources */ = {isa = PBXBuildFile; fileRef = 3955E6B21CCA730B00E88BDC /* EmailTextField.swift */; };
		3955E6B81CCA739D00E88BDC /* PasswordTextField.swift in Sources */ = {isa = PBXBuildFile; fileRef = 3955E6B71CCA739D00E88BDC /* PasswordTextField.swift */; };
		3955E6BA1CCA73B200E88BDC /* FirstnameTextField.swift in Sources */ = {isa = PBXBuildFile; fileRef = 3955E6B91CCA73B200E88BDC /* FirstnameTextField.swift */; };
		3955E6BC1CCA73C100E88BDC /* LastnameTextField.swift in Sources */ = {isa = PBXBuildFile; fileRef = 3955E6BB1CCA73C100E88BDC /* LastnameTextField.swift */; };
		3955E7501CCA822100E88BDC /* selectedLoginButton.png in Resources */ = {isa = PBXBuildFile; fileRef = 3955E70E1CCA822100E88BDC /* selectedLoginButton.png */; };
		3955E7511CCA822100E88BDC /* selectedSignupButton.png in Resources */ = {isa = PBXBuildFile; fileRef = 3955E70F1CCA822100E88BDC /* selectedSignupButton.png */; };
		3955E7521CCA822100E88BDC /* unselectedLoginButton.png in Resources */ = {isa = PBXBuildFile; fileRef = 3955E7101CCA822100E88BDC /* unselectedLoginButton.png */; };
		3955E7531CCA822100E88BDC /* unselectedSignupButton.png in Resources */ = {isa = PBXBuildFile; fileRef = 3955E7111CCA822100E88BDC /* unselectedSignupButton.png */; };
		3955E7551CCA9D3500E88BDC /* TopicViewController.swift in Sources */ = {isa = PBXBuildFile; fileRef = 3955E7541CCA9D3500E88BDC /* TopicViewController.swift */; };
		3955E7581CCAA24F00E88BDC /* TopicCell.swift in Sources */ = {isa = PBXBuildFile; fileRef = 3955E7561CCAA24F00E88BDC /* TopicCell.swift */; };
		3955E7591CCAA24F00E88BDC /* TopicCell.xib in Resources */ = {isa = PBXBuildFile; fileRef = 3955E7571CCAA24F00E88BDC /* TopicCell.xib */; };
		396931DF1CC6A3880061808D /* CommentFbButton.swift in Sources */ = {isa = PBXBuildFile; fileRef = 396931DE1CC6A3880061808D /* CommentFbButton.swift */; };
		396931E11CC6A3990061808D /* CommentTweetButton.swift in Sources */ = {isa = PBXBuildFile; fileRef = 396931E01CC6A3990061808D /* CommentTweetButton.swift */; };
		39ADF1AE1CCB6D8400277847 /* MakeBoardViewController.swift in Sources */ = {isa = PBXBuildFile; fileRef = 39ADF1AD1CCB6D8400277847 /* MakeBoardViewController.swift */; };
		39ADF1B01CCB6FFB00277847 /* MakeBoardTitleLabel.swift in Sources */ = {isa = PBXBuildFile; fileRef = 39ADF1AF1CCB6FFB00277847 /* MakeBoardTitleLabel.swift */; };
		39ADF1B31CCB8B1200277847 /* MakeBoardNumberLabel.swift in Sources */ = {isa = PBXBuildFile; fileRef = 39ADF1B21CCB8B1200277847 /* MakeBoardNumberLabel.swift */; };
		39ADF1B51CCB8C6000277847 /* MakeBoardPostButton.swift in Sources */ = {isa = PBXBuildFile; fileRef = 39ADF1B41CCB8C6000277847 /* MakeBoardPostButton.swift */; };
		39D85E931CC65891002F017D /* AppDelegate.swift in Sources */ = {isa = PBXBuildFile; fileRef = 39D85E921CC65891002F017D /* AppDelegate.swift */; };
		39D85E981CC65891002F017D /* Main.storyboard in Resources */ = {isa = PBXBuildFile; fileRef = 39D85E961CC65891002F017D /* Main.storyboard */; };
		39D85E9A1CC65891002F017D /* Assets.xcassets in Resources */ = {isa = PBXBuildFile; fileRef = 39D85E991CC65891002F017D /* Assets.xcassets */; };
		39D85E9D1CC65891002F017D /* LaunchScreen.storyboard in Resources */ = {isa = PBXBuildFile; fileRef = 39D85E9B1CC65891002F017D /* LaunchScreen.storyboard */; };
		39D85EA81CC65891002F017D /* TheJournalistTests.swift in Sources */ = {isa = PBXBuildFile; fileRef = 39D85EA71CC65891002F017D /* TheJournalistTests.swift */; };
		39D85EB31CC65891002F017D /* TheJournalistUITests.swift in Sources */ = {isa = PBXBuildFile; fileRef = 39D85EB21CC65891002F017D /* TheJournalistUITests.swift */; };
		39D85EC31CC660F1002F017D /* HomeViewController.swift in Sources */ = {isa = PBXBuildFile; fileRef = 39D85EC21CC660F1002F017D /* HomeViewController.swift */; };
		39D85EC51CC660FB002F017D /* ProfileViewController.swift in Sources */ = {isa = PBXBuildFile; fileRef = 39D85EC41CC660FB002F017D /* ProfileViewController.swift */; };
		39D85EC71CC6610B002F017D /* CommentViewController.swift in Sources */ = {isa = PBXBuildFile; fileRef = 39D85EC61CC6610B002F017D /* CommentViewController.swift */; };
		39D85ECB1CC6618B002F017D /* HomeCell.swift in Sources */ = {isa = PBXBuildFile; fileRef = 39D85EC91CC6618B002F017D /* HomeCell.swift */; };
		39D85ECC1CC6618B002F017D /* HomeCell.xib in Resources */ = {isa = PBXBuildFile; fileRef = 39D85ECA1CC6618B002F017D /* HomeCell.xib */; };
		39D85ECE1CC661B7002F017D /* HomeTopicTitleLabel.swift in Sources */ = {isa = PBXBuildFile; fileRef = 39D85ECD1CC661B7002F017D /* HomeTopicTitleLabel.swift */; };
		39D85EE11CC676D9002F017D /* AxisStd-Regular.otf in Resources */ = {isa = PBXBuildFile; fileRef = 39D85EE01CC676D9002F017D /* AxisStd-Regular.otf */; };
		39D85EE21CC676D9002F017D /* AxisStd-Regular.otf in Resources */ = {isa = PBXBuildFile; fileRef = 39D85EE01CC676D9002F017D /* AxisStd-Regular.otf */; };
		39D85EE31CC676D9002F017D /* AxisStd-Regular.otf in Resources */ = {isa = PBXBuildFile; fileRef = 39D85EE01CC676D9002F017D /* AxisStd-Regular.otf */; };
		39D85EE51CC67E86002F017D /* NavigationViewController.swift in Sources */ = {isa = PBXBuildFile; fileRef = 39D85EE41CC67E86002F017D /* NavigationViewController.swift */; };
		39D85EE61CC67E86002F017D /* NavigationViewController.swift in Sources */ = {isa = PBXBuildFile; fileRef = 39D85EE41CC67E86002F017D /* NavigationViewController.swift */; };
		39D85EE71CC67E86002F017D /* NavigationViewController.swift in Sources */ = {isa = PBXBuildFile; fileRef = 39D85EE41CC67E86002F017D /* NavigationViewController.swift */; };
		39D85EF31CC69AA0002F017D /* ProfileImageView.swift in Sources */ = {isa = PBXBuildFile; fileRef = 39D85EF21CC69AA0002F017D /* ProfileImageView.swift */; };
		39D85EF41CC69AA0002F017D /* ProfileImageView.swift in Sources */ = {isa = PBXBuildFile; fileRef = 39D85EF21CC69AA0002F017D /* ProfileImageView.swift */; };
		39D85EF51CC69AA0002F017D /* ProfileImageView.swift in Sources */ = {isa = PBXBuildFile; fileRef = 39D85EF21CC69AA0002F017D /* ProfileImageView.swift */; };
		39EF64911CC891E90012B8EC /* ProfileCell.swift in Sources */ = {isa = PBXBuildFile; fileRef = 39EF648F1CC891E90012B8EC /* ProfileCell.swift */; };
		39EF64921CC891E90012B8EC /* ProfileCell.xib in Resources */ = {isa = PBXBuildFile; fileRef = 39EF64901CC891E90012B8EC /* ProfileCell.xib */; };
		39EF64951CC893460012B8EC /* ProfileCategoryLabel.swift in Sources */ = {isa = PBXBuildFile; fileRef = 39EF64941CC893460012B8EC /* ProfileCategoryLabel.swift */; };
		53EE5D810E471B7E5F7C6D91 /* Pods_TheJournalist.framework in Frameworks */ = {isa = PBXBuildFile; fileRef = 00B66DA7C9CDF7101BFAF7CA /* Pods_TheJournalist.framework */; };
/* End PBXBuildFile section */

/* Begin PBXContainerItemProxy section */
		39D85EA41CC65891002F017D /* PBXContainerItemProxy */ = {
			isa = PBXContainerItemProxy;
			containerPortal = 39D85E871CC65891002F017D /* Project object */;
			proxyType = 1;
			remoteGlobalIDString = 39D85E8E1CC65891002F017D;
			remoteInfo = TheJournalist;
		};
		39D85EAF1CC65891002F017D /* PBXContainerItemProxy */ = {
			isa = PBXContainerItemProxy;
			containerPortal = 39D85E871CC65891002F017D /* Project object */;
			proxyType = 1;
			remoteGlobalIDString = 39D85E8E1CC65891002F017D;
			remoteInfo = TheJournalist;
		};
/* End PBXContainerItemProxy section */

/* Begin PBXFileReference section */
		00B66DA7C9CDF7101BFAF7CA /* Pods_TheJournalist.framework */ = {isa = PBXFileReference; explicitFileType = wrapper.framework; includeInIndex = 0; path = Pods_TheJournalist.framework; sourceTree = BUILT_PRODUCTS_DIR; };
		3955E61F1CC8CB3B00E88BDC /* CommentClipButton.swift */ = {isa = PBXFileReference; fileEncoding = 4; lastKnownFileType = sourcecode.swift; path = CommentClipButton.swift; sourceTree = "<group>"; };
		3955E6211CC8D10300E88BDC /* ProfileClipButton.swift */ = {isa = PBXFileReference; fileEncoding = 4; lastKnownFileType = sourcecode.swift; path = ProfileClipButton.swift; sourceTree = "<group>"; };
		3955E6231CC8D4DD00E88BDC /* olympic.jpeg */ = {isa = PBXFileReference; lastKnownFileType = image.jpeg; path = olympic.jpeg; sourceTree = "<group>"; };
		3955E6261CC909E500E88BDC /* profile_image.jpg */ = {isa = PBXFileReference; lastKnownFileType = image.jpeg; path = profile_image.jpg; sourceTree = "<group>"; };
		3955E6281CC9151500E88BDC /* ProfileTitleLabel.swift */ = {isa = PBXFileReference; fileEncoding = 4; lastKnownFileType = sourcecode.swift; path = ProfileTitleLabel.swift; sourceTree = "<group>"; };
		3955E62B1CC91CCE00E88BDC /* Contents.json */ = {isa = PBXFileReference; fileEncoding = 4; lastKnownFileType = text.json; path = Contents.json; sourceTree = "<group>"; };
		3955E62C1CC91CCF00E88BDC /* icon-29.png */ = {isa = PBXFileReference; lastKnownFileType = image.png; path = "icon-29.png"; sourceTree = "<group>"; };
		3955E62D1CC91CCF00E88BDC /* icon-29@2x.png */ = {isa = PBXFileReference; lastKnownFileType = image.png; path = "icon-29@2x.png"; sourceTree = "<group>"; };
		3955E62E1CC91CCF00E88BDC /* icon-29@3x.png */ = {isa = PBXFileReference; lastKnownFileType = image.png; path = "icon-29@3x.png"; sourceTree = "<group>"; };
		3955E62F1CC91CCF00E88BDC /* icon-40.png */ = {isa = PBXFileReference; lastKnownFileType = image.png; path = "icon-40.png"; sourceTree = "<group>"; };
		3955E6301CC91CCF00E88BDC /* icon-40@2x.png */ = {isa = PBXFileReference; lastKnownFileType = image.png; path = "icon-40@2x.png"; sourceTree = "<group>"; };
		3955E6311CC91CCF00E88BDC /* icon-40@3x.png */ = {isa = PBXFileReference; lastKnownFileType = image.png; path = "icon-40@3x.png"; sourceTree = "<group>"; };
		3955E6321CC91CCF00E88BDC /* icon-60@2x.png */ = {isa = PBXFileReference; lastKnownFileType = image.png; path = "icon-60@2x.png"; sourceTree = "<group>"; };
		3955E6331CC91CCF00E88BDC /* icon-60@3x.png */ = {isa = PBXFileReference; lastKnownFileType = image.png; path = "icon-60@3x.png"; sourceTree = "<group>"; };
		3955E6341CC91CCF00E88BDC /* icon-76.png */ = {isa = PBXFileReference; lastKnownFileType = image.png; path = "icon-76.png"; sourceTree = "<group>"; };
		3955E6351CC91CCF00E88BDC /* icon-76@2x.png */ = {isa = PBXFileReference; lastKnownFileType = image.png; path = "icon-76@2x.png"; sourceTree = "<group>"; };
		3955E6361CC91CCF00E88BDC /* icon-83.5@2x.png */ = {isa = PBXFileReference; lastKnownFileType = image.png; path = "icon-83.5@2x.png"; sourceTree = "<group>"; };
		3955E6431CC91FD200E88BDC /* CommentProfileAgreeImageVIew.swift */ = {isa = PBXFileReference; fileEncoding = 4; lastKnownFileType = sourcecode.swift; path = CommentProfileAgreeImageVIew.swift; sourceTree = "<group>"; };
		3955E6451CC91FEC00E88BDC /* CommentProfileDisagreeImageView.swift */ = {isa = PBXFileReference; fileEncoding = 4; lastKnownFileType = sourcecode.swift; path = CommentProfileDisagreeImageView.swift; sourceTree = "<group>"; };
		3955E6471CC9202300E88BDC /* CommentDisAgreeCell.swift */ = {isa = PBXFileReference; fileEncoding = 4; lastKnownFileType = sourcecode.swift; path = CommentDisAgreeCell.swift; sourceTree = "<group>"; };
		3955E6481CC9202300E88BDC /* CommentDisAgreeCell.xib */ = {isa = PBXFileReference; fileEncoding = 4; lastKnownFileType = file.xib; path = CommentDisAgreeCell.xib; sourceTree = "<group>"; };
		3955E64B1CC9204000E88BDC /* CommentAgreeCell.swift */ = {isa = PBXFileReference; fileEncoding = 4; lastKnownFileType = sourcecode.swift; path = CommentAgreeCell.swift; sourceTree = "<group>"; };
		3955E64C1CC9204000E88BDC /* CommentAgreeCell.xib */ = {isa = PBXFileReference; fileEncoding = 4; lastKnownFileType = file.xib; path = CommentAgreeCell.xib; sourceTree = "<group>"; };
		3955E6511CC94C0E00E88BDC /* VoteViewController.swift */ = {isa = PBXFileReference; fileEncoding = 4; lastKnownFileType = sourcecode.swift; path = VoteViewController.swift; sourceTree = "<group>"; };
		3955E6531CC94C6600E88BDC /* VoteTitleLabel.swift */ = {isa = PBXFileReference; fileEncoding = 4; lastKnownFileType = sourcecode.swift; path = VoteTitleLabel.swift; sourceTree = "<group>"; };
		3955E6551CC94D1400E88BDC /* VoteAgreeButton.swift */ = {isa = PBXFileReference; fileEncoding = 4; lastKnownFileType = sourcecode.swift; path = VoteAgreeButton.swift; sourceTree = "<group>"; };
		3955E6571CC94D7900E88BDC /* VoteDisagreeButton.swift */ = {isa = PBXFileReference; fileEncoding = 4; lastKnownFileType = sourcecode.swift; path = VoteDisagreeButton.swift; sourceTree = "<group>"; };
		3955E6621CCA18CD00E88BDC /* searchButton.png */ = {isa = PBXFileReference; lastKnownFileType = image.png; path = searchButton.png; sourceTree = "<group>"; };
		3955E6631CCA18CD00E88BDC /* plusButton.png */ = {isa = PBXFileReference; lastKnownFileType = image.png; path = plusButton.png; sourceTree = "<group>"; };
		3955E6641CCA18CD00E88BDC /* commentButton.png */ = {isa = PBXFileReference; lastKnownFileType = image.png; path = commentButton.png; sourceTree = "<group>"; };
		3955E6651CCA18CD00E88BDC /* homeButton.png */ = {isa = PBXFileReference; lastKnownFileType = image.png; path = homeButton.png; sourceTree = "<group>"; };
		3955E6661CCA18CD00E88BDC /* graphButton.png */ = {isa = PBXFileReference; lastKnownFileType = image.png; path = graphButton.png; sourceTree = "<group>"; };
		3955E6671CCA18CD00E88BDC /* trendButton.png */ = {isa = PBXFileReference; lastKnownFileType = image.png; path = trendButton.png; sourceTree = "<group>"; };
		3955E6681CCA18CD00E88BDC /* recordButton.png */ = {isa = PBXFileReference; lastKnownFileType = image.png; path = recordButton.png; sourceTree = "<group>"; };
		3955E6691CCA18CD00E88BDC /* titleButton.png */ = {isa = PBXFileReference; lastKnownFileType = image.png; path = titleButton.png; sourceTree = "<group>"; };
		3955E66A1CCA18CD00E88BDC /* menuButton.png */ = {isa = PBXFileReference; lastKnownFileType = image.png; path = menuButton.png; sourceTree = "<group>"; };
		3955E66B1CCA18CD00E88BDC /* settingButton.png */ = {isa = PBXFileReference; lastKnownFileType = image.png; path = settingButton.png; sourceTree = "<group>"; };
		3955E66C1CCA18CD00E88BDC /* firstnameIcon.png */ = {isa = PBXFileReference; lastKnownFileType = image.png; path = firstnameIcon.png; sourceTree = "<group>"; };
		3955E66D1CCA18CD00E88BDC /* helpButton.png */ = {isa = PBXFileReference; lastKnownFileType = image.png; path = helpButton.png; sourceTree = "<group>"; };
		3955E66E1CCA18CD00E88BDC /* agreeButton.png */ = {isa = PBXFileReference; lastKnownFileType = image.png; path = agreeButton.png; sourceTree = "<group>"; };
		3955E66F1CCA18CD00E88BDC /* disagreeButton.png */ = {isa = PBXFileReference; lastKnownFileType = image.png; path = disagreeButton.png; sourceTree = "<group>"; };
		3955E6701CCA18CD00E88BDC /* lastnameIcon.png */ = {isa = PBXFileReference; lastKnownFileType = image.png; path = lastnameIcon.png; sourceTree = "<group>"; };
		3955E6711CCA18CD00E88BDC /* mailIcon.png */ = {isa = PBXFileReference; lastKnownFileType = image.png; path = mailIcon.png; sourceTree = "<group>"; };
		3955E6721CCA18CD00E88BDC /* laterDecideButton.png */ = {isa = PBXFileReference; lastKnownFileType = image.png; path = laterDecideButton.png; sourceTree = "<group>"; };
		3955E6731CCA18CD00E88BDC /* passwordIcon.png */ = {isa = PBXFileReference; lastKnownFileType = image.png; path = passwordIcon.png; sourceTree = "<group>"; };
		3955E6741CCA18CD00E88BDC /* editProfileButton.png */ = {isa = PBXFileReference; lastKnownFileType = image.png; path = editProfileButton.png; sourceTree = "<group>"; };
		3955E6751CCA18CD00E88BDC /* clipButton.png */ = {isa = PBXFileReference; lastKnownFileType = image.png; path = clipButton.png; sourceTree = "<group>"; };
		3955E6761CCA18CD00E88BDC /* titleIcon.png */ = {isa = PBXFileReference; lastKnownFileType = image.png; path = titleIcon.png; sourceTree = "<group>"; };
		3955E6771CCA18CD00E88BDC /* disagreeIcon.png */ = {isa = PBXFileReference; lastKnownFileType = image.png; path = disagreeIcon.png; sourceTree = "<group>"; };
		3955E6781CCA18CD00E88BDC /* agreeIcon.png */ = {isa = PBXFileReference; lastKnownFileType = image.png; path = agreeIcon.png; sourceTree = "<group>"; };
		3955E6791CCA18CD00E88BDC /* clipedButton.png */ = {isa = PBXFileReference; lastKnownFileType = image.png; path = clipedButton.png; sourceTree = "<group>"; };
		3955E67A1CCA18CD00E88BDC /* loginButton.png */ = {isa = PBXFileReference; lastKnownFileType = image.png; path = loginButton.png; sourceTree = "<group>"; };
		3955E67B1CCA18CD00E88BDC /* postButton.png */ = {isa = PBXFileReference; lastKnownFileType = image.png; path = postButton.png; sourceTree = "<group>"; };
		3955E67C1CCA18CD00E88BDC /* facebookLogin.png */ = {isa = PBXFileReference; lastKnownFileType = image.png; path = facebookLogin.png; sourceTree = "<group>"; };
		3955E67D1CCA18CD00E88BDC /* twitterLogin.png */ = {isa = PBXFileReference; lastKnownFileType = image.png; path = twitterLogin.png; sourceTree = "<group>"; };
		3955E67E1CCA18CD00E88BDC /* newuserButton.png */ = {isa = PBXFileReference; lastKnownFileType = image.png; path = newuserButton.png; sourceTree = "<group>"; };
		3955E67F1CCA18CD00E88BDC /* facebookNewuser.png */ = {isa = PBXFileReference; lastKnownFileType = image.png; path = facebookNewuser.png; sourceTree = "<group>"; };
		3955E6801CCA18CD00E88BDC /* postBoardButton.png */ = {isa = PBXFileReference; lastKnownFileType = image.png; path = postBoardButton.png; sourceTree = "<group>"; };
		3955E6811CCA18CD00E88BDC /* twitterNewuser.png */ = {isa = PBXFileReference; lastKnownFileType = image.png; path = twitterNewuser.png; sourceTree = "<group>"; };
		3955E6A61CCA1F3200E88BDC /* LoginViewController.swift */ = {isa = PBXFileReference; fileEncoding = 4; lastKnownFileType = sourcecode.swift; path = LoginViewController.swift; sourceTree = "<group>"; };
		3955E6A81CCA22AE00E88BDC /* LoginFormView.swift */ = {isa = PBXFileReference; fileEncoding = 4; lastKnownFileType = sourcecode.swift; path = LoginFormView.swift; sourceTree = "<group>"; };
		3955E6AA1CCA22BF00E88BDC /* SignupFormView.swift */ = {isa = PBXFileReference; fileEncoding = 4; lastKnownFileType = sourcecode.swift; path = SignupFormView.swift; sourceTree = "<group>"; };
		3955E6AC1CCA22FA00E88BDC /* LoginFormView.xib */ = {isa = PBXFileReference; fileEncoding = 4; lastKnownFileType = file.xib; path = LoginFormView.xib; sourceTree = "<group>"; };
		3955E6B01CCA232F00E88BDC /* SignupFormView.xib */ = {isa = PBXFileReference; fileEncoding = 4; lastKnownFileType = file.xib; path = SignupFormView.xib; sourceTree = "<group>"; };
		3955E6B21CCA730B00E88BDC /* EmailTextField.swift */ = {isa = PBXFileReference; fileEncoding = 4; lastKnownFileType = sourcecode.swift; path = EmailTextField.swift; sourceTree = "<group>"; };
		3955E6B71CCA739D00E88BDC /* PasswordTextField.swift */ = {isa = PBXFileReference; fileEncoding = 4; lastKnownFileType = sourcecode.swift; path = PasswordTextField.swift; sourceTree = "<group>"; };
		3955E6B91CCA73B200E88BDC /* FirstnameTextField.swift */ = {isa = PBXFileReference; fileEncoding = 4; lastKnownFileType = sourcecode.swift; path = FirstnameTextField.swift; sourceTree = "<group>"; };
		3955E6BB1CCA73C100E88BDC /* LastnameTextField.swift */ = {isa = PBXFileReference; fileEncoding = 4; lastKnownFileType = sourcecode.swift; path = LastnameTextField.swift; sourceTree = "<group>"; };
		3955E70E1CCA822100E88BDC /* selectedLoginButton.png */ = {isa = PBXFileReference; lastKnownFileType = image.png; path = selectedLoginButton.png; sourceTree = "<group>"; };
		3955E70F1CCA822100E88BDC /* selectedSignupButton.png */ = {isa = PBXFileReference; lastKnownFileType = image.png; path = selectedSignupButton.png; sourceTree = "<group>"; };
		3955E7101CCA822100E88BDC /* unselectedLoginButton.png */ = {isa = PBXFileReference; lastKnownFileType = image.png; path = unselectedLoginButton.png; sourceTree = "<group>"; };
		3955E7111CCA822100E88BDC /* unselectedSignupButton.png */ = {isa = PBXFileReference; lastKnownFileType = image.png; path = unselectedSignupButton.png; sourceTree = "<group>"; };
		3955E7541CCA9D3500E88BDC /* TopicViewController.swift */ = {isa = PBXFileReference; fileEncoding = 4; lastKnownFileType = sourcecode.swift; path = TopicViewController.swift; sourceTree = "<group>"; };
		3955E7561CCAA24F00E88BDC /* TopicCell.swift */ = {isa = PBXFileReference; fileEncoding = 4; lastKnownFileType = sourcecode.swift; path = TopicCell.swift; sourceTree = "<group>"; };
		3955E7571CCAA24F00E88BDC /* TopicCell.xib */ = {isa = PBXFileReference; fileEncoding = 4; lastKnownFileType = file.xib; path = TopicCell.xib; sourceTree = "<group>"; };
		396931DE1CC6A3880061808D /* CommentFbButton.swift */ = {isa = PBXFileReference; fileEncoding = 4; lastKnownFileType = sourcecode.swift; path = CommentFbButton.swift; sourceTree = "<group>"; };
		396931E01CC6A3990061808D /* CommentTweetButton.swift */ = {isa = PBXFileReference; fileEncoding = 4; lastKnownFileType = sourcecode.swift; path = CommentTweetButton.swift; sourceTree = "<group>"; };
		39ADF1AD1CCB6D8400277847 /* MakeBoardViewController.swift */ = {isa = PBXFileReference; fileEncoding = 4; lastKnownFileType = sourcecode.swift; path = MakeBoardViewController.swift; sourceTree = "<group>"; };
		39ADF1AF1CCB6FFB00277847 /* MakeBoardTitleLabel.swift */ = {isa = PBXFileReference; fileEncoding = 4; lastKnownFileType = sourcecode.swift; path = MakeBoardTitleLabel.swift; sourceTree = "<group>"; };
		39ADF1B21CCB8B1200277847 /* MakeBoardNumberLabel.swift */ = {isa = PBXFileReference; fileEncoding = 4; lastKnownFileType = sourcecode.swift; path = MakeBoardNumberLabel.swift; sourceTree = "<group>"; };
		39ADF1B41CCB8C6000277847 /* MakeBoardPostButton.swift */ = {isa = PBXFileReference; fileEncoding = 4; lastKnownFileType = sourcecode.swift; path = MakeBoardPostButton.swift; sourceTree = "<group>"; };
		39D85E8F1CC65891002F017D /* TheJournalist.app */ = {isa = PBXFileReference; explicitFileType = wrapper.application; includeInIndex = 0; path = TheJournalist.app; sourceTree = BUILT_PRODUCTS_DIR; };
		39D85E921CC65891002F017D /* AppDelegate.swift */ = {isa = PBXFileReference; lastKnownFileType = sourcecode.swift; path = AppDelegate.swift; sourceTree = "<group>"; };
		39D85E971CC65891002F017D /* Base */ = {isa = PBXFileReference; lastKnownFileType = file.storyboard; name = Base; path = Base.lproj/Main.storyboard; sourceTree = "<group>"; };
		39D85E991CC65891002F017D /* Assets.xcassets */ = {isa = PBXFileReference; lastKnownFileType = folder.assetcatalog; path = Assets.xcassets; sourceTree = "<group>"; };
		39D85E9C1CC65891002F017D /* Base */ = {isa = PBXFileReference; lastKnownFileType = file.storyboard; name = Base; path = Base.lproj/LaunchScreen.storyboard; sourceTree = "<group>"; };
		39D85E9E1CC65891002F017D /* Info.plist */ = {isa = PBXFileReference; lastKnownFileType = text.plist.xml; path = Info.plist; sourceTree = "<group>"; };
		39D85EA31CC65891002F017D /* TheJournalistTests.xctest */ = {isa = PBXFileReference; explicitFileType = wrapper.cfbundle; includeInIndex = 0; path = TheJournalistTests.xctest; sourceTree = BUILT_PRODUCTS_DIR; };
		39D85EA71CC65891002F017D /* TheJournalistTests.swift */ = {isa = PBXFileReference; lastKnownFileType = sourcecode.swift; path = TheJournalistTests.swift; sourceTree = "<group>"; };
		39D85EA91CC65891002F017D /* Info.plist */ = {isa = PBXFileReference; lastKnownFileType = text.plist.xml; path = Info.plist; sourceTree = "<group>"; };
		39D85EAE1CC65891002F017D /* TheJournalistUITests.xctest */ = {isa = PBXFileReference; explicitFileType = wrapper.cfbundle; includeInIndex = 0; path = TheJournalistUITests.xctest; sourceTree = BUILT_PRODUCTS_DIR; };
		39D85EB21CC65891002F017D /* TheJournalistUITests.swift */ = {isa = PBXFileReference; lastKnownFileType = sourcecode.swift; path = TheJournalistUITests.swift; sourceTree = "<group>"; };
		39D85EB41CC65891002F017D /* Info.plist */ = {isa = PBXFileReference; lastKnownFileType = text.plist.xml; path = Info.plist; sourceTree = "<group>"; };
		39D85EC21CC660F1002F017D /* HomeViewController.swift */ = {isa = PBXFileReference; fileEncoding = 4; lastKnownFileType = sourcecode.swift; path = HomeViewController.swift; sourceTree = "<group>"; };
		39D85EC41CC660FB002F017D /* ProfileViewController.swift */ = {isa = PBXFileReference; fileEncoding = 4; lastKnownFileType = sourcecode.swift; path = ProfileViewController.swift; sourceTree = "<group>"; };
		39D85EC61CC6610B002F017D /* CommentViewController.swift */ = {isa = PBXFileReference; fileEncoding = 4; lastKnownFileType = sourcecode.swift; path = CommentViewController.swift; sourceTree = "<group>"; };
		39D85EC91CC6618B002F017D /* HomeCell.swift */ = {isa = PBXFileReference; fileEncoding = 4; lastKnownFileType = sourcecode.swift; path = HomeCell.swift; sourceTree = "<group>"; };
		39D85ECA1CC6618B002F017D /* HomeCell.xib */ = {isa = PBXFileReference; fileEncoding = 4; lastKnownFileType = file.xib; path = HomeCell.xib; sourceTree = "<group>"; };
		39D85ECD1CC661B7002F017D /* HomeTopicTitleLabel.swift */ = {isa = PBXFileReference; fileEncoding = 4; lastKnownFileType = sourcecode.swift; path = HomeTopicTitleLabel.swift; sourceTree = "<group>"; };
		39D85EE01CC676D9002F017D /* AxisStd-Regular.otf */ = {isa = PBXFileReference; lastKnownFileType = file; path = "AxisStd-Regular.otf"; sourceTree = "<group>"; };
		39D85EE41CC67E86002F017D /* NavigationViewController.swift */ = {isa = PBXFileReference; fileEncoding = 4; lastKnownFileType = sourcecode.swift; path = NavigationViewController.swift; sourceTree = "<group>"; };
		39D85EF21CC69AA0002F017D /* ProfileImageView.swift */ = {isa = PBXFileReference; fileEncoding = 4; lastKnownFileType = sourcecode.swift; path = ProfileImageView.swift; sourceTree = "<group>"; };
		39EF648F1CC891E90012B8EC /* ProfileCell.swift */ = {isa = PBXFileReference; fileEncoding = 4; lastKnownFileType = sourcecode.swift; path = ProfileCell.swift; sourceTree = "<group>"; };
		39EF64901CC891E90012B8EC /* ProfileCell.xib */ = {isa = PBXFileReference; fileEncoding = 4; lastKnownFileType = file.xib; path = ProfileCell.xib; sourceTree = "<group>"; };
		39EF64941CC893460012B8EC /* ProfileCategoryLabel.swift */ = {isa = PBXFileReference; fileEncoding = 4; lastKnownFileType = sourcecode.swift; path = ProfileCategoryLabel.swift; sourceTree = "<group>"; };
		C4C59A928568E5D7C4EE2B53 /* Pods-TheJournalist.release.xcconfig */ = {isa = PBXFileReference; includeInIndex = 1; lastKnownFileType = text.xcconfig; name = "Pods-TheJournalist.release.xcconfig"; path = "Pods/Target Support Files/Pods-TheJournalist/Pods-TheJournalist.release.xcconfig"; sourceTree = "<group>"; };
		E7151ADFF68766CDC5185B9D /* Pods-TheJournalist.debug.xcconfig */ = {isa = PBXFileReference; includeInIndex = 1; lastKnownFileType = text.xcconfig; name = "Pods-TheJournalist.debug.xcconfig"; path = "Pods/Target Support Files/Pods-TheJournalist/Pods-TheJournalist.debug.xcconfig"; sourceTree = "<group>"; };
/* End PBXFileReference section */

/* Begin PBXFrameworksBuildPhase section */
		39D85E8C1CC65891002F017D /* Frameworks */ = {
			isa = PBXFrameworksBuildPhase;
			buildActionMask = 2147483647;
			files = (
				53EE5D810E471B7E5F7C6D91 /* Pods_TheJournalist.framework in Frameworks */,
			);
			runOnlyForDeploymentPostprocessing = 0;
		};
		39D85EA01CC65891002F017D /* Frameworks */ = {
			isa = PBXFrameworksBuildPhase;
			buildActionMask = 2147483647;
			files = (
			);
			runOnlyForDeploymentPostprocessing = 0;
		};
		39D85EAB1CC65891002F017D /* Frameworks */ = {
			isa = PBXFrameworksBuildPhase;
			buildActionMask = 2147483647;
			files = (
			);
			runOnlyForDeploymentPostprocessing = 0;
		};
/* End PBXFrameworksBuildPhase section */

/* Begin PBXGroup section */
		3955E6251CC8D4E300E88BDC /* Resources */ = {
			isa = PBXGroup;
			children = (
				3955E6611CCA18BD00E88BDC /* Buttons */,
				3955E62A1CC91CCE00E88BDC /* AppIcon.appiconset */,
				3955E6261CC909E500E88BDC /* profile_image.jpg */,
				39D85EE01CC676D9002F017D /* AxisStd-Regular.otf */,
				3955E6231CC8D4DD00E88BDC /* olympic.jpeg */,
			);
			name = Resources;
			sourceTree = "<group>";
		};
		3955E62A1CC91CCE00E88BDC /* AppIcon.appiconset */ = {
			isa = PBXGroup;
			children = (
				3955E62B1CC91CCE00E88BDC /* Contents.json */,
				3955E62C1CC91CCF00E88BDC /* icon-29.png */,
				3955E62D1CC91CCF00E88BDC /* icon-29@2x.png */,
				3955E62E1CC91CCF00E88BDC /* icon-29@3x.png */,
				3955E62F1CC91CCF00E88BDC /* icon-40.png */,
				3955E6301CC91CCF00E88BDC /* icon-40@2x.png */,
				3955E6311CC91CCF00E88BDC /* icon-40@3x.png */,
				3955E6321CC91CCF00E88BDC /* icon-60@2x.png */,
				3955E6331CC91CCF00E88BDC /* icon-60@3x.png */,
				3955E6341CC91CCF00E88BDC /* icon-76.png */,
				3955E6351CC91CCF00E88BDC /* icon-76@2x.png */,
				3955E6361CC91CCF00E88BDC /* icon-83.5@2x.png */,
			);
			path = AppIcon.appiconset;
			sourceTree = "<group>";
		};
		3955E64F1CC9213B00E88BDC /* AgreeCell */ = {
			isa = PBXGroup;
			children = (
				3955E64B1CC9204000E88BDC /* CommentAgreeCell.swift */,
				3955E64C1CC9204000E88BDC /* CommentAgreeCell.xib */,
			);
			name = AgreeCell;
			sourceTree = "<group>";
		};
		3955E6501CC9214500E88BDC /* DisagreeCell */ = {
			isa = PBXGroup;
			children = (
				3955E6471CC9202300E88BDC /* CommentDisAgreeCell.swift */,
				3955E6481CC9202300E88BDC /* CommentDisAgreeCell.xib */,
			);
			name = DisagreeCell;
			sourceTree = "<group>";
		};
		3955E6591CC94DD500E88BDC /* Comment */ = {
			isa = PBXGroup;
			children = (
				396931DE1CC6A3880061808D /* CommentFbButton.swift */,
				396931E01CC6A3990061808D /* CommentTweetButton.swift */,
				3955E61F1CC8CB3B00E88BDC /* CommentClipButton.swift */,
			);
			name = Comment;
			sourceTree = "<group>";
		};
		3955E65A1CC94DDB00E88BDC /* Profile */ = {
			isa = PBXGroup;
			children = (
				3955E6211CC8D10300E88BDC /* ProfileClipButton.swift */,
			);
			name = Profile;
			sourceTree = "<group>";
		};
		3955E65B1CC94DE200E88BDC /* Vote */ = {
			isa = PBXGroup;
			children = (
				3955E6551CC94D1400E88BDC /* VoteAgreeButton.swift */,
				3955E6571CC94D7900E88BDC /* VoteDisagreeButton.swift */,
			);
			name = Vote;
			sourceTree = "<group>";
		};
		3955E65C1CC94DEC00E88BDC /* Comment */ = {
			isa = PBXGroup;
			children = (
				3955E6431CC91FD200E88BDC /* CommentProfileAgreeImageVIew.swift */,
				3955E6451CC91FEC00E88BDC /* CommentProfileDisagreeImageView.swift */,
			);
			name = Comment;
			sourceTree = "<group>";
		};
		3955E65D1CC94DF200E88BDC /* Profile */ = {
			isa = PBXGroup;
			children = (
				39D85EF21CC69AA0002F017D /* ProfileImageView.swift */,
			);
			name = Profile;
			sourceTree = "<group>";
		};
		3955E65E1CC94DF900E88BDC /* Profile */ = {
			isa = PBXGroup;
			children = (
				39EF64941CC893460012B8EC /* ProfileCategoryLabel.swift */,
				3955E6281CC9151500E88BDC /* ProfileTitleLabel.swift */,
			);
			name = Profile;
			sourceTree = "<group>";
		};
		3955E65F1CC94E0000E88BDC /* Vote */ = {
			isa = PBXGroup;
			children = (
				3955E6531CC94C6600E88BDC /* VoteTitleLabel.swift */,
			);
			name = Vote;
			sourceTree = "<group>";
		};
		3955E6601CC94E0900E88BDC /* Home */ = {
			isa = PBXGroup;
			children = (
				39D85ECD1CC661B7002F017D /* HomeTopicTitleLabel.swift */,
			);
			name = Home;
			sourceTree = "<group>";
		};
		3955E6611CCA18BD00E88BDC /* Buttons */ = {
			isa = PBXGroup;
			children = (
				3955E70E1CCA822100E88BDC /* selectedLoginButton.png */,
				3955E70F1CCA822100E88BDC /* selectedSignupButton.png */,
				3955E7101CCA822100E88BDC /* unselectedLoginButton.png */,
				3955E7111CCA822100E88BDC /* unselectedSignupButton.png */,
				3955E6621CCA18CD00E88BDC /* searchButton.png */,
				3955E6631CCA18CD00E88BDC /* plusButton.png */,
				3955E6641CCA18CD00E88BDC /* commentButton.png */,
				3955E6651CCA18CD00E88BDC /* homeButton.png */,
				3955E6661CCA18CD00E88BDC /* graphButton.png */,
				3955E6671CCA18CD00E88BDC /* trendButton.png */,
				3955E6681CCA18CD00E88BDC /* recordButton.png */,
				3955E6691CCA18CD00E88BDC /* titleButton.png */,
				3955E66A1CCA18CD00E88BDC /* menuButton.png */,
				3955E66B1CCA18CD00E88BDC /* settingButton.png */,
				3955E66C1CCA18CD00E88BDC /* firstnameIcon.png */,
				3955E66D1CCA18CD00E88BDC /* helpButton.png */,
				3955E66E1CCA18CD00E88BDC /* agreeButton.png */,
				3955E66F1CCA18CD00E88BDC /* disagreeButton.png */,
				3955E6701CCA18CD00E88BDC /* lastnameIcon.png */,
				3955E6711CCA18CD00E88BDC /* mailIcon.png */,
				3955E6721CCA18CD00E88BDC /* laterDecideButton.png */,
				3955E6731CCA18CD00E88BDC /* passwordIcon.png */,
				3955E6741CCA18CD00E88BDC /* editProfileButton.png */,
				3955E6751CCA18CD00E88BDC /* clipButton.png */,
				3955E6761CCA18CD00E88BDC /* titleIcon.png */,
				3955E6771CCA18CD00E88BDC /* disagreeIcon.png */,
				3955E6781CCA18CD00E88BDC /* agreeIcon.png */,
				3955E6791CCA18CD00E88BDC /* clipedButton.png */,
				3955E67A1CCA18CD00E88BDC /* loginButton.png */,
				3955E67B1CCA18CD00E88BDC /* postButton.png */,
				3955E67C1CCA18CD00E88BDC /* facebookLogin.png */,
				3955E67D1CCA18CD00E88BDC /* twitterLogin.png */,
				3955E67E1CCA18CD00E88BDC /* newuserButton.png */,
				3955E67F1CCA18CD00E88BDC /* facebookNewuser.png */,
				3955E6801CCA18CD00E88BDC /* postBoardButton.png */,
				3955E6811CCA18CD00E88BDC /* twitterNewuser.png */,
			);
			name = Buttons;
			sourceTree = "<group>";
		};
		3955E6B41CCA737000E88BDC /* LoginXIB */ = {
			isa = PBXGroup;
			children = (
				3955E6B61CCA738800E88BDC /* Login */,
				3955E6B51CCA737F00E88BDC /* Signup */,
			);
			name = LoginXIB;
			sourceTree = "<group>";
		};
		3955E6B51CCA737F00E88BDC /* Signup */ = {
			isa = PBXGroup;
			children = (
				3955E6AA1CCA22BF00E88BDC /* SignupFormView.swift */,
				3955E6B01CCA232F00E88BDC /* SignupFormView.xib */,
			);
			name = Signup;
			sourceTree = "<group>";
		};
		3955E6B61CCA738800E88BDC /* Login */ = {
			isa = PBXGroup;
			children = (
				3955E6A81CCA22AE00E88BDC /* LoginFormView.swift */,
				3955E6AC1CCA22FA00E88BDC /* LoginFormView.xib */,
			);
			name = Login;
			sourceTree = "<group>";
		};
		3955E6BD1CCA73CC00E88BDC /* TextFields */ = {
			isa = PBXGroup;
			children = (
				3955E6CB1CCA809000E88BDC /* Login */,
			);
			name = TextFields;
			sourceTree = "<group>";
		};
		3955E6CB1CCA809000E88BDC /* Login */ = {
			isa = PBXGroup;
			children = (
				3955E6B21CCA730B00E88BDC /* EmailTextField.swift */,
				3955E6B71CCA739D00E88BDC /* PasswordTextField.swift */,
				3955E6B91CCA73B200E88BDC /* FirstnameTextField.swift */,
				3955E6BB1CCA73C100E88BDC /* LastnameTextField.swift */,
			);
			name = Login;
			sourceTree = "<group>";
		};
		3955E75A1CCAA25500E88BDC /* TopicCell */ = {
			isa = PBXGroup;
			children = (
				3955E7561CCAA24F00E88BDC /* TopicCell.swift */,
				3955E7571CCAA24F00E88BDC /* TopicCell.xib */,
			);
			name = TopicCell;
			sourceTree = "<group>";
		};
		396931E21CC6A3A00061808D /* Button */ = {
			isa = PBXGroup;
			children = (
				3955E6591CC94DD500E88BDC /* Comment */,
				3955E65A1CC94DDB00E88BDC /* Profile */,
				3955E65B1CC94DE200E88BDC /* Vote */,
				39ADF1B61CCB8D3700277847 /* MakeBoard */,
			);
			name = Button;
			sourceTree = "<group>";
		};
		39ADF1B11CCB700200277847 /* MakeBoard */ = {
			isa = PBXGroup;
			children = (
				39ADF1AF1CCB6FFB00277847 /* MakeBoardTitleLabel.swift */,
				39ADF1B21CCB8B1200277847 /* MakeBoardNumberLabel.swift */,
			);
			name = MakeBoard;
			sourceTree = "<group>";
		};
		39ADF1B61CCB8D3700277847 /* MakeBoard */ = {
			isa = PBXGroup;
			children = (
				39ADF1B41CCB8C6000277847 /* MakeBoardPostButton.swift */,
			);
			name = MakeBoard;
			sourceTree = "<group>";
		};
		39D85E861CC65891002F017D = {
			isa = PBXGroup;
			children = (
				39D85E911CC65891002F017D /* TheJournalist */,
				39D85EA61CC65891002F017D /* TheJournalistTests */,
				39D85EB11CC65891002F017D /* TheJournalistUITests */,
				39D85E901CC65891002F017D /* Products */,
				999C172170DE3F83B761A2B3 /* Pods */,
				C4C3D21676BE093DC74E8E54 /* Frameworks */,
			);
			sourceTree = "<group>";
		};
		39D85E901CC65891002F017D /* Products */ = {
			isa = PBXGroup;
			children = (
				39D85E8F1CC65891002F017D /* TheJournalist.app */,
				39D85EA31CC65891002F017D /* TheJournalistTests.xctest */,
				39D85EAE1CC65891002F017D /* TheJournalistUITests.xctest */,
			);
			name = Products;
			sourceTree = "<group>";
		};
		39D85E911CC65891002F017D /* TheJournalist */ = {
			isa = PBXGroup;
			children = (
				3955E6251CC8D4E300E88BDC /* Resources */,
				39D85E921CC65891002F017D /* AppDelegate.swift */,
				39D85E961CC65891002F017D /* Main.storyboard */,
				39D85E991CC65891002F017D /* Assets.xcassets */,
				39D85E9B1CC65891002F017D /* LaunchScreen.storyboard */,
				39D85E9E1CC65891002F017D /* Info.plist */,
				39D85EC81CC66151002F017D /* Controllers */,
				39D85ECF1CC661C7002F017D /* Layout */,
			);
			path = TheJournalist;
			sourceTree = "<group>";
		};
		39D85EA61CC65891002F017D /* TheJournalistTests */ = {
			isa = PBXGroup;
			children = (
				39D85EA71CC65891002F017D /* TheJournalistTests.swift */,
				39D85EA91CC65891002F017D /* Info.plist */,
			);
			path = TheJournalistTests;
			sourceTree = "<group>";
		};
		39D85EB11CC65891002F017D /* TheJournalistUITests */ = {
			isa = PBXGroup;
			children = (
				39D85EB21CC65891002F017D /* TheJournalistUITests.swift */,
				39D85EB41CC65891002F017D /* Info.plist */,
			);
			path = TheJournalistUITests;
			sourceTree = "<group>";
		};
		39D85EC81CC66151002F017D /* Controllers */ = {
			isa = PBXGroup;
			children = (
				39D85EC21CC660F1002F017D /* HomeViewController.swift */,
				39D85EC41CC660FB002F017D /* ProfileViewController.swift */,
				39D85EC61CC6610B002F017D /* CommentViewController.swift */,
				39D85EE41CC67E86002F017D /* NavigationViewController.swift */,
				3955E6511CC94C0E00E88BDC /* VoteViewController.swift */,
				3955E6A61CCA1F3200E88BDC /* LoginViewController.swift */,
				3955E7541CCA9D3500E88BDC /* TopicViewController.swift */,
				39ADF1AD1CCB6D8400277847 /* MakeBoardViewController.swift */,
			);
			name = Controllers;
			sourceTree = "<group>";
		};
		39D85ECF1CC661C7002F017D /* Layout */ = {
			isa = PBXGroup;
			children = (
				39D85ED01CC661D1002F017D /* Cells */,
				39D85ED11CC661D7002F017D /* Labels */,
				39D85EF61CC69B3E002F017D /* ImageVIew */,
				396931E21CC6A3A00061808D /* Button */,
				3955E6B41CCA737000E88BDC /* LoginXIB */,
				3955E6BD1CCA73CC00E88BDC /* TextFields */,
			);
			name = Layout;
			sourceTree = "<group>";
		};
		39D85ED01CC661D1002F017D /* Cells */ = {
			isa = PBXGroup;
			children = (
				39D85EF01CC68F5B002F017D /* HomeCell */,
				39D85EF11CC68F64002F017D /* CommentCell */,
				39EF64931CC891F00012B8EC /* ProfileCell */,
				3955E75A1CCAA25500E88BDC /* TopicCell */,
			);
			name = Cells;
			sourceTree = "<group>";
		};
		39D85ED11CC661D7002F017D /* Labels */ = {
			isa = PBXGroup;
			children = (
				3955E6601CC94E0900E88BDC /* Home */,
				3955E65E1CC94DF900E88BDC /* Profile */,
				3955E65F1CC94E0000E88BDC /* Vote */,
				39ADF1B11CCB700200277847 /* MakeBoard */,
			);
			name = Labels;
			sourceTree = "<group>";
		};
		39D85EF01CC68F5B002F017D /* HomeCell */ = {
			isa = PBXGroup;
			children = (
				39D85EC91CC6618B002F017D /* HomeCell.swift */,
				39D85ECA1CC6618B002F017D /* HomeCell.xib */,
			);
			name = HomeCell;
			sourceTree = "<group>";
		};
		39D85EF11CC68F64002F017D /* CommentCell */ = {
			isa = PBXGroup;
			children = (
				3955E6501CC9214500E88BDC /* DisagreeCell */,
				3955E64F1CC9213B00E88BDC /* AgreeCell */,
			);
			name = CommentCell;
			sourceTree = "<group>";
		};
		39D85EF61CC69B3E002F017D /* ImageVIew */ = {
			isa = PBXGroup;
			children = (
				3955E65D1CC94DF200E88BDC /* Profile */,
				3955E65C1CC94DEC00E88BDC /* Comment */,
			);
			name = ImageVIew;
			sourceTree = "<group>";
		};
		39EF64931CC891F00012B8EC /* ProfileCell */ = {
			isa = PBXGroup;
			children = (
				39EF648F1CC891E90012B8EC /* ProfileCell.swift */,
				39EF64901CC891E90012B8EC /* ProfileCell.xib */,
			);
			name = ProfileCell;
			sourceTree = "<group>";
		};
		999C172170DE3F83B761A2B3 /* Pods */ = {
			isa = PBXGroup;
			children = (
				E7151ADFF68766CDC5185B9D /* Pods-TheJournalist.debug.xcconfig */,
				C4C59A928568E5D7C4EE2B53 /* Pods-TheJournalist.release.xcconfig */,
			);
			name = Pods;
			sourceTree = "<group>";
		};
		C4C3D21676BE093DC74E8E54 /* Frameworks */ = {
			isa = PBXGroup;
			children = (
				00B66DA7C9CDF7101BFAF7CA /* Pods_TheJournalist.framework */,
			);
			name = Frameworks;
			sourceTree = "<group>";
		};
/* End PBXGroup section */

/* Begin PBXNativeTarget section */
		39D85E8E1CC65891002F017D /* TheJournalist */ = {
			isa = PBXNativeTarget;
			buildConfigurationList = 39D85EB71CC65891002F017D /* Build configuration list for PBXNativeTarget "TheJournalist" */;
			buildPhases = (
				F3FBE3CF674F69FCCEA6C12F /* Check Pods Manifest.lock */,
				39D85E8B1CC65891002F017D /* Sources */,
				39D85E8C1CC65891002F017D /* Frameworks */,
				39D85E8D1CC65891002F017D /* Resources */,
				4150D05C112F6ACF65724A49 /* Embed Pods Frameworks */,
				0BE59E8B340096F4CF454AF5 /* Copy Pods Resources */,
			);
			buildRules = (
			);
			dependencies = (
			);
			name = TheJournalist;
			productName = TheJournalist;
			productReference = 39D85E8F1CC65891002F017D /* TheJournalist.app */;
			productType = "com.apple.product-type.application";
		};
		39D85EA21CC65891002F017D /* TheJournalistTests */ = {
			isa = PBXNativeTarget;
			buildConfigurationList = 39D85EBA1CC65891002F017D /* Build configuration list for PBXNativeTarget "TheJournalistTests" */;
			buildPhases = (
				39D85E9F1CC65891002F017D /* Sources */,
				39D85EA01CC65891002F017D /* Frameworks */,
				39D85EA11CC65891002F017D /* Resources */,
			);
			buildRules = (
			);
			dependencies = (
				39D85EA51CC65891002F017D /* PBXTargetDependency */,
			);
			name = TheJournalistTests;
			productName = TheJournalistTests;
			productReference = 39D85EA31CC65891002F017D /* TheJournalistTests.xctest */;
			productType = "com.apple.product-type.bundle.unit-test";
		};
		39D85EAD1CC65891002F017D /* TheJournalistUITests */ = {
			isa = PBXNativeTarget;
			buildConfigurationList = 39D85EBD1CC65891002F017D /* Build configuration list for PBXNativeTarget "TheJournalistUITests" */;
			buildPhases = (
				39D85EAA1CC65891002F017D /* Sources */,
				39D85EAB1CC65891002F017D /* Frameworks */,
				39D85EAC1CC65891002F017D /* Resources */,
			);
			buildRules = (
			);
			dependencies = (
				39D85EB01CC65891002F017D /* PBXTargetDependency */,
			);
			name = TheJournalistUITests;
			productName = TheJournalistUITests;
			productReference = 39D85EAE1CC65891002F017D /* TheJournalistUITests.xctest */;
			productType = "com.apple.product-type.bundle.ui-testing";
		};
/* End PBXNativeTarget section */

/* Begin PBXProject section */
		39D85E871CC65891002F017D /* Project object */ = {
			isa = PBXProject;
			attributes = {
				LastSwiftUpdateCheck = 0730;
				LastUpgradeCheck = 0730;
				ORGANIZATIONNAME = ShinokiRyosei;
				TargetAttributes = {
					39D85E8E1CC65891002F017D = {
						CreatedOnToolsVersion = 7.3;
					};
					39D85EA21CC65891002F017D = {
						CreatedOnToolsVersion = 7.3;
						TestTargetID = 39D85E8E1CC65891002F017D;
					};
					39D85EAD1CC65891002F017D = {
						CreatedOnToolsVersion = 7.3;
						TestTargetID = 39D85E8E1CC65891002F017D;
					};
				};
			};
			buildConfigurationList = 39D85E8A1CC65891002F017D /* Build configuration list for PBXProject "TheJournalist" */;
			compatibilityVersion = "Xcode 3.2";
			developmentRegion = English;
			hasScannedForEncodings = 0;
			knownRegions = (
				en,
				Base,
			);
			mainGroup = 39D85E861CC65891002F017D;
			productRefGroup = 39D85E901CC65891002F017D /* Products */;
			projectDirPath = "";
			projectRoot = "";
			targets = (
				39D85E8E1CC65891002F017D /* TheJournalist */,
				39D85EA21CC65891002F017D /* TheJournalistTests */,
				39D85EAD1CC65891002F017D /* TheJournalistUITests */,
			);
		};
/* End PBXProject section */

/* Begin PBXResourcesBuildPhase section */
		39D85E8D1CC65891002F017D /* Resources */ = {
			isa = PBXResourcesBuildPhase;
			buildActionMask = 2147483647;
			files = (
				3955E6391CC91CCF00E88BDC /* icon-29@2x.png in Resources */,
				39D85EE11CC676D9002F017D /* AxisStd-Regular.otf in Resources */,
				3955E63E1CC91CCF00E88BDC /* icon-60@2x.png in Resources */,
				3955E64A1CC9202300E88BDC /* CommentDisAgreeCell.xib in Resources */,
				3955E7511CCA822100E88BDC /* selectedSignupButton.png in Resources */,
				3955E6991CCA18CD00E88BDC /* agreeIcon.png in Resources */,
				3955E6851CCA18CD00E88BDC /* commentButton.png in Resources */,
				3955E6901CCA18CD00E88BDC /* disagreeButton.png in Resources */,
				3955E64E1CC9204000E88BDC /* CommentAgreeCell.xib in Resources */,
				3955E6871CCA18CD00E88BDC /* graphButton.png in Resources */,
				3955E69D1CCA18CD00E88BDC /* facebookLogin.png in Resources */,
				3955E6A01CCA18CD00E88BDC /* facebookNewuser.png in Resources */,
				39D85E9D1CC65891002F017D /* LaunchScreen.storyboard in Resources */,
				3955E6841CCA18CD00E88BDC /* plusButton.png in Resources */,
				3955E6861CCA18CD00E88BDC /* homeButton.png in Resources */,
				3955E6421CC91CCF00E88BDC /* icon-83.5@2x.png in Resources */,
				3955E6A21CCA18CD00E88BDC /* twitterNewuser.png in Resources */,
				39D85E9A1CC65891002F017D /* Assets.xcassets in Resources */,
				39EF64921CC891E90012B8EC /* ProfileCell.xib in Resources */,
				3955E63D1CC91CCF00E88BDC /* icon-40@3x.png in Resources */,
				3955E63B1CC91CCF00E88BDC /* icon-40.png in Resources */,
				3955E7521CCA822100E88BDC /* unselectedLoginButton.png in Resources */,
				3955E6961CCA18CD00E88BDC /* clipButton.png in Resources */,
				3955E68B1CCA18CD00E88BDC /* menuButton.png in Resources */,
				3955E6371CC91CCF00E88BDC /* Contents.json in Resources */,
				3955E6A11CCA18CD00E88BDC /* postBoardButton.png in Resources */,
				3955E63A1CC91CCF00E88BDC /* icon-29@3x.png in Resources */,
				3955E6241CC8D4DD00E88BDC /* olympic.jpeg in Resources */,
				3955E6891CCA18CD00E88BDC /* recordButton.png in Resources */,
				3955E6401CC91CCF00E88BDC /* icon-76.png in Resources */,
				3955E6381CC91CCF00E88BDC /* icon-29.png in Resources */,
				3955E6921CCA18CD00E88BDC /* mailIcon.png in Resources */,
				3955E69B1CCA18CD00E88BDC /* loginButton.png in Resources */,
				3955E7531CCA822100E88BDC /* unselectedSignupButton.png in Resources */,
				3955E68C1CCA18CD00E88BDC /* settingButton.png in Resources */,
				3955E6931CCA18CD00E88BDC /* laterDecideButton.png in Resources */,
				3955E7501CCA822100E88BDC /* selectedLoginButton.png in Resources */,
				3955E7591CCAA24F00E88BDC /* TopicCell.xib in Resources */,
				3955E6911CCA18CD00E88BDC /* lastnameIcon.png in Resources */,
				3955E69A1CCA18CD00E88BDC /* clipedButton.png in Resources */,
				3955E69C1CCA18CD00E88BDC /* postButton.png in Resources */,
				3955E6AD1CCA22FA00E88BDC /* LoginFormView.xib in Resources */,
				3955E6831CCA18CD00E88BDC /* searchButton.png in Resources */,
				3955E68F1CCA18CD00E88BDC /* agreeButton.png in Resources */,
				39D85ECC1CC6618B002F017D /* HomeCell.xib in Resources */,
				3955E6B11CCA232F00E88BDC /* SignupFormView.xib in Resources */,
				3955E6271CC909E500E88BDC /* profile_image.jpg in Resources */,
				3955E68A1CCA18CD00E88BDC /* titleButton.png in Resources */,
				3955E6881CCA18CD00E88BDC /* trendButton.png in Resources */,
				3955E69E1CCA18CD00E88BDC /* twitterLogin.png in Resources */,
				39D85E981CC65891002F017D /* Main.storyboard in Resources */,
				3955E6941CCA18CD00E88BDC /* passwordIcon.png in Resources */,
				3955E69F1CCA18CD00E88BDC /* newuserButton.png in Resources */,
				3955E6951CCA18CD00E88BDC /* editProfileButton.png in Resources */,
				3955E68D1CCA18CD00E88BDC /* firstnameIcon.png in Resources */,
				3955E63F1CC91CCF00E88BDC /* icon-60@3x.png in Resources */,
				3955E68E1CCA18CD00E88BDC /* helpButton.png in Resources */,
				3955E6411CC91CCF00E88BDC /* icon-76@2x.png in Resources */,
				3955E63C1CC91CCF00E88BDC /* icon-40@2x.png in Resources */,
				3955E6971CCA18CD00E88BDC /* titleIcon.png in Resources */,
				3955E6981CCA18CD00E88BDC /* disagreeIcon.png in Resources */,
			);
			runOnlyForDeploymentPostprocessing = 0;
		};
		39D85EA11CC65891002F017D /* Resources */ = {
			isa = PBXResourcesBuildPhase;
			buildActionMask = 2147483647;
			files = (
				39D85EE21CC676D9002F017D /* AxisStd-Regular.otf in Resources */,
			);
			runOnlyForDeploymentPostprocessing = 0;
		};
		39D85EAC1CC65891002F017D /* Resources */ = {
			isa = PBXResourcesBuildPhase;
			buildActionMask = 2147483647;
			files = (
				39D85EE31CC676D9002F017D /* AxisStd-Regular.otf in Resources */,
			);
			runOnlyForDeploymentPostprocessing = 0;
		};
/* End PBXResourcesBuildPhase section */

/* Begin PBXShellScriptBuildPhase section */
		0BE59E8B340096F4CF454AF5 /* Copy Pods Resources */ = {
			isa = PBXShellScriptBuildPhase;
			buildActionMask = 2147483647;
			files = (
			);
			inputPaths = (
			);
			name = "Copy Pods Resources";
			outputPaths = (
			);
			runOnlyForDeploymentPostprocessing = 0;
			shellPath = /bin/sh;
			shellScript = "\"${SRCROOT}/Pods/Target Support Files/Pods-TheJournalist/Pods-TheJournalist-resources.sh\"\n";
			showEnvVarsInLog = 0;
		};
		4150D05C112F6ACF65724A49 /* Embed Pods Frameworks */ = {
			isa = PBXShellScriptBuildPhase;
			buildActionMask = 2147483647;
			files = (
			);
			inputPaths = (
			);
			name = "Embed Pods Frameworks";
			outputPaths = (
			);
			runOnlyForDeploymentPostprocessing = 0;
			shellPath = /bin/sh;
			shellScript = "\"${SRCROOT}/Pods/Target Support Files/Pods-TheJournalist/Pods-TheJournalist-frameworks.sh\"\n";
			showEnvVarsInLog = 0;
		};
		F3FBE3CF674F69FCCEA6C12F /* Check Pods Manifest.lock */ = {
			isa = PBXShellScriptBuildPhase;
			buildActionMask = 2147483647;
			files = (
			);
			inputPaths = (
			);
			name = "Check Pods Manifest.lock";
			outputPaths = (
			);
			runOnlyForDeploymentPostprocessing = 0;
			shellPath = /bin/sh;
			shellScript = "diff \"${PODS_ROOT}/../Podfile.lock\" \"${PODS_ROOT}/Manifest.lock\" > /dev/null\nif [[ $? != 0 ]] ; then\n    cat << EOM\nerror: The sandbox is not in sync with the Podfile.lock. Run 'pod install' or update your CocoaPods installation.\nEOM\n    exit 1\nfi\n";
			showEnvVarsInLog = 0;
		};
/* End PBXShellScriptBuildPhase section */

/* Begin PBXSourcesBuildPhase section */
		39D85E8B1CC65891002F017D /* Sources */ = {
			isa = PBXSourcesBuildPhase;
			buildActionMask = 2147483647;
			files = (
				396931DF1CC6A3880061808D /* CommentFbButton.swift in Sources */,
				3955E6BA1CCA73B200E88BDC /* FirstnameTextField.swift in Sources */,
				3955E6581CC94D7900E88BDC /* VoteDisagreeButton.swift in Sources */,
				3955E6BC1CCA73C100E88BDC /* LastnameTextField.swift in Sources */,
				39ADF1B01CCB6FFB00277847 /* MakeBoardTitleLabel.swift in Sources */,
				39ADF1AE1CCB6D8400277847 /* MakeBoardViewController.swift in Sources */,
				39ADF1B31CCB8B1200277847 /* MakeBoardNumberLabel.swift in Sources */,
				3955E6461CC91FEC00E88BDC /* CommentProfileDisagreeImageView.swift in Sources */,
				39EF64951CC893460012B8EC /* ProfileCategoryLabel.swift in Sources */,
				39D85EC71CC6610B002F017D /* CommentViewController.swift in Sources */,
				3955E6541CC94C6600E88BDC /* VoteTitleLabel.swift in Sources */,
				396931E11CC6A3990061808D /* CommentTweetButton.swift in Sources */,
				3955E7581CCAA24F00E88BDC /* TopicCell.swift in Sources */,
				39D85EE51CC67E86002F017D /* NavigationViewController.swift in Sources */,
				3955E6561CC94D1400E88BDC /* VoteAgreeButton.swift in Sources */,
				3955E6B81CCA739D00E88BDC /* PasswordTextField.swift in Sources */,
				39ADF1B51CCB8C6000277847 /* MakeBoardPostButton.swift in Sources */,
				3955E64D1CC9204000E88BDC /* CommentAgreeCell.swift in Sources */,
				39D85EC51CC660FB002F017D /* ProfileViewController.swift in Sources */,
				3955E7551CCA9D3500E88BDC /* TopicViewController.swift in Sources */,
				3955E6521CC94C0E00E88BDC /* VoteViewController.swift in Sources */,
				3955E6221CC8D10300E88BDC /* ProfileClipButton.swift in Sources */,
				39D85EF31CC69AA0002F017D /* ProfileImageView.swift in Sources */,
				3955E6201CC8CB3B00E88BDC /* CommentClipButton.swift in Sources */,
				3955E6B31CCA730B00E88BDC /* EmailTextField.swift in Sources */,
				3955E6291CC9151500E88BDC /* ProfileTitleLabel.swift in Sources */,
				39D85E931CC65891002F017D /* AppDelegate.swift in Sources */,
				3955E6441CC91FD200E88BDC /* CommentProfileAgreeImageVIew.swift in Sources */,
				39D85ECB1CC6618B002F017D /* HomeCell.swift in Sources */,
				39D85ECE1CC661B7002F017D /* HomeTopicTitleLabel.swift in Sources */,
				39D85EC31CC660F1002F017D /* HomeViewController.swift in Sources */,
				39EF64911CC891E90012B8EC /* ProfileCell.swift in Sources */,
				3955E6A71CCA1F3200E88BDC /* LoginViewController.swift in Sources */,
				3955E6AB1CCA22BF00E88BDC /* SignupFormView.swift in Sources */,
				3955E6A91CCA22AE00E88BDC /* LoginFormView.swift in Sources */,
				3955E6491CC9202300E88BDC /* CommentDisAgreeCell.swift in Sources */,
			);
			runOnlyForDeploymentPostprocessing = 0;
		};
		39D85E9F1CC65891002F017D /* Sources */ = {
			isa = PBXSourcesBuildPhase;
			buildActionMask = 2147483647;
			files = (
				39D85EF41CC69AA0002F017D /* ProfileImageView.swift in Sources */,
				39D85EE61CC67E86002F017D /* NavigationViewController.swift in Sources */,
				39D85EA81CC65891002F017D /* TheJournalistTests.swift in Sources */,
			);
			runOnlyForDeploymentPostprocessing = 0;
		};
		39D85EAA1CC65891002F017D /* Sources */ = {
			isa = PBXSourcesBuildPhase;
			buildActionMask = 2147483647;
			files = (
				39D85EF51CC69AA0002F017D /* ProfileImageView.swift in Sources */,
				39D85EE71CC67E86002F017D /* NavigationViewController.swift in Sources */,
				39D85EB31CC65891002F017D /* TheJournalistUITests.swift in Sources */,
			);
			runOnlyForDeploymentPostprocessing = 0;
		};
/* End PBXSourcesBuildPhase section */

/* Begin PBXTargetDependency section */
		39D85EA51CC65891002F017D /* PBXTargetDependency */ = {
			isa = PBXTargetDependency;
			target = 39D85E8E1CC65891002F017D /* TheJournalist */;
			targetProxy = 39D85EA41CC65891002F017D /* PBXContainerItemProxy */;
		};
		39D85EB01CC65891002F017D /* PBXTargetDependency */ = {
			isa = PBXTargetDependency;
			target = 39D85E8E1CC65891002F017D /* TheJournalist */;
			targetProxy = 39D85EAF1CC65891002F017D /* PBXContainerItemProxy */;
		};
/* End PBXTargetDependency section */

/* Begin PBXVariantGroup section */
		39D85E961CC65891002F017D /* Main.storyboard */ = {
			isa = PBXVariantGroup;
			children = (
				39D85E971CC65891002F017D /* Base */,
			);
			name = Main.storyboard;
			sourceTree = "<group>";
		};
		39D85E9B1CC65891002F017D /* LaunchScreen.storyboard */ = {
			isa = PBXVariantGroup;
			children = (
				39D85E9C1CC65891002F017D /* Base */,
			);
			name = LaunchScreen.storyboard;
			sourceTree = "<group>";
		};
/* End PBXVariantGroup section */

/* Begin XCBuildConfiguration section */
		39D85EB51CC65891002F017D /* Debug */ = {
			isa = XCBuildConfiguration;
			buildSettings = {
				ALWAYS_SEARCH_USER_PATHS = NO;
				CLANG_ANALYZER_NONNULL = YES;
				CLANG_CXX_LANGUAGE_STANDARD = "gnu++0x";
				CLANG_CXX_LIBRARY = "libc++";
				CLANG_ENABLE_MODULES = YES;
				CLANG_ENABLE_OBJC_ARC = YES;
				CLANG_WARN_BOOL_CONVERSION = YES;
				CLANG_WARN_CONSTANT_CONVERSION = YES;
				CLANG_WARN_DIRECT_OBJC_ISA_USAGE = YES_ERROR;
				CLANG_WARN_EMPTY_BODY = YES;
				CLANG_WARN_ENUM_CONVERSION = YES;
				CLANG_WARN_INT_CONVERSION = YES;
				CLANG_WARN_OBJC_ROOT_CLASS = YES_ERROR;
				CLANG_WARN_UNREACHABLE_CODE = YES;
				CLANG_WARN__DUPLICATE_METHOD_MATCH = YES;
				"CODE_SIGN_IDENTITY[sdk=iphoneos*]" = "iPhone Developer";
				COPY_PHASE_STRIP = NO;
				DEBUG_INFORMATION_FORMAT = dwarf;
				ENABLE_STRICT_OBJC_MSGSEND = YES;
				ENABLE_TESTABILITY = YES;
				GCC_C_LANGUAGE_STANDARD = gnu99;
				GCC_DYNAMIC_NO_PIC = NO;
				GCC_NO_COMMON_BLOCKS = YES;
				GCC_OPTIMIZATION_LEVEL = 0;
				GCC_PREPROCESSOR_DEFINITIONS = (
					"DEBUG=1",
					"$(inherited)",
				);
				GCC_WARN_64_TO_32_BIT_CONVERSION = YES;
				GCC_WARN_ABOUT_RETURN_TYPE = YES_ERROR;
				GCC_WARN_UNDECLARED_SELECTOR = YES;
				GCC_WARN_UNINITIALIZED_AUTOS = YES_AGGRESSIVE;
				GCC_WARN_UNUSED_FUNCTION = YES;
				GCC_WARN_UNUSED_VARIABLE = YES;
				IPHONEOS_DEPLOYMENT_TARGET = 9.3;
				MTL_ENABLE_DEBUG_INFO = YES;
				ONLY_ACTIVE_ARCH = YES;
				SDKROOT = iphoneos;
				SWIFT_OPTIMIZATION_LEVEL = "-Onone";
			};
			name = Debug;
		};
		39D85EB61CC65891002F017D /* Release */ = {
			isa = XCBuildConfiguration;
			buildSettings = {
				ALWAYS_SEARCH_USER_PATHS = NO;
				CLANG_ANALYZER_NONNULL = YES;
				CLANG_CXX_LANGUAGE_STANDARD = "gnu++0x";
				CLANG_CXX_LIBRARY = "libc++";
				CLANG_ENABLE_MODULES = YES;
				CLANG_ENABLE_OBJC_ARC = YES;
				CLANG_WARN_BOOL_CONVERSION = YES;
				CLANG_WARN_CONSTANT_CONVERSION = YES;
				CLANG_WARN_DIRECT_OBJC_ISA_USAGE = YES_ERROR;
				CLANG_WARN_EMPTY_BODY = YES;
				CLANG_WARN_ENUM_CONVERSION = YES;
				CLANG_WARN_INT_CONVERSION = YES;
				CLANG_WARN_OBJC_ROOT_CLASS = YES_ERROR;
				CLANG_WARN_UNREACHABLE_CODE = YES;
				CLANG_WARN__DUPLICATE_METHOD_MATCH = YES;
				"CODE_SIGN_IDENTITY[sdk=iphoneos*]" = "iPhone Developer";
				COPY_PHASE_STRIP = NO;
				DEBUG_INFORMATION_FORMAT = "dwarf-with-dsym";
				ENABLE_NS_ASSERTIONS = NO;
				ENABLE_STRICT_OBJC_MSGSEND = YES;
				GCC_C_LANGUAGE_STANDARD = gnu99;
				GCC_NO_COMMON_BLOCKS = YES;
				GCC_WARN_64_TO_32_BIT_CONVERSION = YES;
				GCC_WARN_ABOUT_RETURN_TYPE = YES_ERROR;
				GCC_WARN_UNDECLARED_SELECTOR = YES;
				GCC_WARN_UNINITIALIZED_AUTOS = YES_AGGRESSIVE;
				GCC_WARN_UNUSED_FUNCTION = YES;
				GCC_WARN_UNUSED_VARIABLE = YES;
				IPHONEOS_DEPLOYMENT_TARGET = 9.3;
				MTL_ENABLE_DEBUG_INFO = NO;
				SDKROOT = iphoneos;
				VALIDATE_PRODUCT = YES;
			};
			name = Release;
		};
		39D85EB81CC65891002F017D /* Debug */ = {
			isa = XCBuildConfiguration;
			baseConfigurationReference = E7151ADFF68766CDC5185B9D /* Pods-TheJournalist.debug.xcconfig */;
			buildSettings = {
				ASSETCATALOG_COMPILER_APPICON_NAME = AppIcon;
				INFOPLIST_FILE = TheJournalist/Info.plist;
				LD_RUNPATH_SEARCH_PATHS = "$(inherited) @executable_path/Frameworks";
				PRODUCT_BUNDLE_IDENTIFIER = tv.shinokin.TheJournalist;
				PRODUCT_NAME = "$(TARGET_NAME)";
			};
			name = Debug;
		};
		39D85EB91CC65891002F017D /* Release */ = {
			isa = XCBuildConfiguration;
			baseConfigurationReference = C4C59A928568E5D7C4EE2B53 /* Pods-TheJournalist.release.xcconfig */;
			buildSettings = {
				ASSETCATALOG_COMPILER_APPICON_NAME = AppIcon;
				INFOPLIST_FILE = TheJournalist/Info.plist;
				LD_RUNPATH_SEARCH_PATHS = "$(inherited) @executable_path/Frameworks";
				PRODUCT_BUNDLE_IDENTIFIER = tv.shinokin.TheJournalist;
				PRODUCT_NAME = "$(TARGET_NAME)";
			};
			name = Release;
		};
		39D85EBB1CC65891002F017D /* Debug */ = {
			isa = XCBuildConfiguration;
			buildSettings = {
				BUNDLE_LOADER = "$(TEST_HOST)";
				INFOPLIST_FILE = TheJournalistTests/Info.plist;
				LD_RUNPATH_SEARCH_PATHS = "$(inherited) @executable_path/Frameworks @loader_path/Frameworks";
				PRODUCT_BUNDLE_IDENTIFIER = tv.shinokin.TheJournalistTests;
				PRODUCT_NAME = "$(TARGET_NAME)";
				TEST_HOST = "$(BUILT_PRODUCTS_DIR)/TheJournalist.app/TheJournalist";
			};
			name = Debug;
		};
		39D85EBC1CC65891002F017D /* Release */ = {
			isa = XCBuildConfiguration;
			buildSettings = {
				BUNDLE_LOADER = "$(TEST_HOST)";
				INFOPLIST_FILE = TheJournalistTests/Info.plist;
				LD_RUNPATH_SEARCH_PATHS = "$(inherited) @executable_path/Frameworks @loader_path/Frameworks";
				PRODUCT_BUNDLE_IDENTIFIER = tv.shinokin.TheJournalistTests;
				PRODUCT_NAME = "$(TARGET_NAME)";
				TEST_HOST = "$(BUILT_PRODUCTS_DIR)/TheJournalist.app/TheJournalist";
			};
			name = Release;
		};
		39D85EBE1CC65891002F017D /* Debug */ = {
			isa = XCBuildConfiguration;
			buildSettings = {
				INFOPLIST_FILE = TheJournalistUITests/Info.plist;
				LD_RUNPATH_SEARCH_PATHS = "$(inherited) @executable_path/Frameworks @loader_path/Frameworks";
				PRODUCT_BUNDLE_IDENTIFIER = tv.shinokin.TheJournalistUITests;
				PRODUCT_NAME = "$(TARGET_NAME)";
				TEST_TARGET_NAME = TheJournalist;
			};
			name = Debug;
		};
		39D85EBF1CC65891002F017D /* Release */ = {
			isa = XCBuildConfiguration;
			buildSettings = {
				INFOPLIST_FILE = TheJournalistUITests/Info.plist;
				LD_RUNPATH_SEARCH_PATHS = "$(inherited) @executable_path/Frameworks @loader_path/Frameworks";
				PRODUCT_BUNDLE_IDENTIFIER = tv.shinokin.TheJournalistUITests;
				PRODUCT_NAME = "$(TARGET_NAME)";
				TEST_TARGET_NAME = TheJournalist;
			};
			name = Release;
		};
/* End XCBuildConfiguration section */

/* Begin XCConfigurationList section */
		39D85E8A1CC65891002F017D /* Build configuration list for PBXProject "TheJournalist" */ = {
			isa = XCConfigurationList;
			buildConfigurations = (
				39D85EB51CC65891002F017D /* Debug */,
				39D85EB61CC65891002F017D /* Release */,
			);
			defaultConfigurationIsVisible = 0;
			defaultConfigurationName = Release;
		};
		39D85EB71CC65891002F017D /* Build configuration list for PBXNativeTarget "TheJournalist" */ = {
			isa = XCConfigurationList;
			buildConfigurations = (
				39D85EB81CC65891002F017D /* Debug */,
				39D85EB91CC65891002F017D /* Release */,
			);
			defaultConfigurationIsVisible = 0;
			defaultConfigurationName = Release;
		};
		39D85EBA1CC65891002F017D /* Build configuration list for PBXNativeTarget "TheJournalistTests" */ = {
			isa = XCConfigurationList;
			buildConfigurations = (
				39D85EBB1CC65891002F017D /* Debug */,
				39D85EBC1CC65891002F017D /* Release */,
			);
			defaultConfigurationIsVisible = 0;
			defaultConfigurationName = Release;
		};
		39D85EBD1CC65891002F017D /* Build configuration list for PBXNativeTarget "TheJournalistUITests" */ = {
			isa = XCConfigurationList;
			buildConfigurations = (
				39D85EBE1CC65891002F017D /* Debug */,
				39D85EBF1CC65891002F017D /* Release */,
			);
			defaultConfigurationIsVisible = 0;
			defaultConfigurationName = Release;
		};
/* End XCConfigurationList section */
	};
	rootObject = 39D85E871CC65891002F017D /* Project object */;
}
